// !$*UTF8*$!
{
	archiveVersion = 1;
	classes = {
	};
	objectVersion = 46;
	objects = {

/* Begin PBXBuildFile section */
		9402B26919128295001B732A /* PXGColorCollectionViewController.m in Sources */ = {isa = PBXBuildFile; fileRef = 9402B26819128295001B732A /* PXGColorCollectionViewController.m */; };
		9403430C19D9883300937BDB /* Table.png in Resources */ = {isa = PBXBuildFile; fileRef = 9403430B19D9883300937BDB /* Table.png */; };
		941BCCA0192FAA6300C68CB1 /* PXGSelectDelayViewController.m in Sources */ = {isa = PBXBuildFile; fileRef = 941BCC9F192FAA6300C68CB1 /* PXGSelectDelayViewController.m */; };
		942049AD17B7C5F000B9E5AC /* PXGMapViewController.m in Sources */ = {isa = PBXBuildFile; fileRef = 942049AC17B7C5F000B9E5AC /* PXGMapViewController.m */; };
		942049AF17B7D47100B9E5AC /* Neobot.png in Resources */ = {isa = PBXBuildFile; fileRef = 942049AE17B7D47100B9E5AC /* Neobot.png */; };
		9425C7D518B10DCC00D40AE9 /* PXGListChoiceViewController.m in Sources */ = {isa = PBXBuildFile; fileRef = 9425C7D418B10DCC00D40AE9 /* PXGListChoiceViewController.m */; };
		9425D3811791565000C6E883 /* UIKit.framework in Frameworks */ = {isa = PBXBuildFile; fileRef = 9425D3801791565000C6E883 /* UIKit.framework */; };
		9425D3831791565000C6E883 /* Foundation.framework in Frameworks */ = {isa = PBXBuildFile; fileRef = 9425D3821791565000C6E883 /* Foundation.framework */; };
		9425D3851791565000C6E883 /* CoreGraphics.framework in Frameworks */ = {isa = PBXBuildFile; fileRef = 9425D3841791565000C6E883 /* CoreGraphics.framework */; };
		9425D38B1791565000C6E883 /* InfoPlist.strings in Resources */ = {isa = PBXBuildFile; fileRef = 9425D3891791565000C6E883 /* InfoPlist.strings */; };
		9425D38D1791565000C6E883 /* main.m in Sources */ = {isa = PBXBuildFile; fileRef = 9425D38C1791565000C6E883 /* main.m */; };
		9425D3911791565000C6E883 /* PXGAppDelegate.m in Sources */ = {isa = PBXBuildFile; fileRef = 9425D3901791565000C6E883 /* PXGAppDelegate.m */; };
		9425D3931791565000C6E883 /* Default.png in Resources */ = {isa = PBXBuildFile; fileRef = 9425D3921791565000C6E883 /* Default.png */; };
		9425D3951791565000C6E883 /* Default@2x.png in Resources */ = {isa = PBXBuildFile; fileRef = 9425D3941791565000C6E883 /* Default@2x.png */; };
		9425D3971791565000C6E883 /* Default-568h@2x.png in Resources */ = {isa = PBXBuildFile; fileRef = 9425D3961791565000C6E883 /* Default-568h@2x.png */; };
		9425D39A1791565000C6E883 /* MainStoryboard.storyboard in Resources */ = {isa = PBXBuildFile; fileRef = 9425D3981791565000C6E883 /* MainStoryboard.storyboard */; };
		9425D39D1791565000C6E883 /* PXGRemoteViewController.m in Sources */ = {isa = PBXBuildFile; fileRef = 9425D39C1791565000C6E883 /* PXGRemoteViewController.m */; };
		9425D3B11791580200C6E883 /* NClientIcon.png in Resources */ = {isa = PBXBuildFile; fileRef = 9425D3B01791580200C6E883 /* NClientIcon.png */; };
		9425D3B31791585200C6E883 /* NClientIcon_retina.png in Resources */ = {isa = PBXBuildFile; fileRef = 9425D3B21791585200C6E883 /* NClientIcon_retina.png */; };
		9425D3BC17915AEF00C6E883 /* Android.png in Resources */ = {isa = PBXBuildFile; fileRef = 9425D3B417915AEF00C6E883 /* Android.png */; };
		9425D3BD17915AEF00C6E883 /* File Transfer - Upload.png in Resources */ = {isa = PBXBuildFile; fileRef = 9425D3B517915AEF00C6E883 /* File Transfer - Upload.png */; };
		9425D3BE17915AEF00C6E883 /* Games.png in Resources */ = {isa = PBXBuildFile; fileRef = 9425D3B617915AEF00C6E883 /* Games.png */; };
		9425D3BF17915AEF00C6E883 /* Library.png in Resources */ = {isa = PBXBuildFile; fileRef = 9425D3B717915AEF00C6E883 /* Library.png */; };
		9425D3C017915AEF00C6E883 /* Network.png in Resources */ = {isa = PBXBuildFile; fileRef = 9425D3B817915AEF00C6E883 /* Network.png */; };
		9425D3C117915AEF00C6E883 /* sensor.png in Resources */ = {isa = PBXBuildFile; fileRef = 9425D3B917915AEF00C6E883 /* sensor.png */; };
		9425D3C217915AEF00C6E883 /* Task Manager.png in Resources */ = {isa = PBXBuildFile; fileRef = 9425D3BA17915AEF00C6E883 /* Task Manager.png */; };
		9425D3C317915AEF00C6E883 /* Toolbar - Playlist.png in Resources */ = {isa = PBXBuildFile; fileRef = 9425D3BB17915AEF00C6E883 /* Toolbar - Playlist.png */; };
		9428505017F8599600230DD2 /* PXGAX12CollectionViewController.m in Sources */ = {isa = PBXBuildFile; fileRef = 9428504F17F8599600230DD2 /* PXGAX12CollectionViewController.m */; };
		9428505317F9E5D600230DD2 /* PXGAX12CollectionCell.m in Sources */ = {isa = PBXBuildFile; fileRef = 9428505217F9E5D600230DD2 /* PXGAX12CollectionCell.m */; };
		9428505617F9E78A00230DD2 /* PXGAX12Data.m in Sources */ = {isa = PBXBuildFile; fileRef = 9428505517F9E78A00230DD2 /* PXGAX12Data.m */; };
		942BBE5E17B9461C00EFF044 /* PXGRPoint.m in Sources */ = {isa = PBXBuildFile; fileRef = 942BBE5D17B9461C00EFF044 /* PXGRPoint.m */; };
		942BBE6117B9473200EFF044 /* PXGMapObject.m in Sources */ = {isa = PBXBuildFile; fileRef = 942BBE6017B9473200EFF044 /* PXGMapObject.m */; };
		942BBE6517BBE1A100EFF044 /* QuartzCore.framework in Frameworks */ = {isa = PBXBuildFile; fileRef = 942BBE6417BBE1A100EFF044 /* QuartzCore.framework */; };
		9433FE371795B0E70092A43B /* PXGCommProtocol.m in Sources */ = {isa = PBXBuildFile; fileRef = 9433FE361795B0E70092A43B /* PXGCommProtocol.m */; };
		9433FE3B1795BB4F0092A43B /* GCDAsyncSocket.m in Sources */ = {isa = PBXBuildFile; fileRef = 9433FE3A1795BB4F0092A43B /* GCDAsyncSocket.m */; };
		9433FE3F1795BD0A0092A43B /* Security.framework in Frameworks */ = {isa = PBXBuildFile; fileRef = 9433FE3E1795BD0A0092A43B /* Security.framework */; };
		9433FE411795BD720092A43B /* CFNetwork.framework in Frameworks */ = {isa = PBXBuildFile; fileRef = 9433FE401795BD720092A43B /* CFNetwork.framework */; };
		94344DF417F6F889006ABBCD /* PXGStickControlView.m in Sources */ = {isa = PBXBuildFile; fileRef = 94344DF317F6F889006ABBCD /* PXGStickControlView.m */; };
		94344DF717F701FB006ABBCD /* PXGAX12ViewController.m in Sources */ = {isa = PBXBuildFile; fileRef = 94344DF617F701FB006ABBCD /* PXGAX12ViewController.m */; };
		943AD3451935179E0006CCDC /* PXGDeplacementTypeTableViewController.m in Sources */ = {isa = PBXBuildFile; fileRef = 943AD3441935179E0006CCDC /* PXGDeplacementTypeTableViewController.m */; };
		943DF58D180332D800630316 /* PXGSelectAngleViewController.m in Sources */ = {isa = PBXBuildFile; fileRef = 943DF58C180332D800630316 /* PXGSelectAngleViewController.m */; };
		9440516D1826991C00E3671B /* PXGAX12MovementManager.m in Sources */ = {isa = PBXBuildFile; fileRef = 9440516C1826991C00E3671B /* PXGAX12MovementManager.m */; };
		9440BF5818B28819006A4A91 /* PXGParametersViewController.m in Sources */ = {isa = PBXBuildFile; fileRef = 9440BF5718B28819006A4A91 /* PXGParametersViewController.m */; };
		94431897188DB846005221B4 /* PXGSimpleScatterPlotViewController.m in Sources */ = {isa = PBXBuildFile; fileRef = 94431896188DB846005221B4 /* PXGSimpleScatterPlotViewController.m */; };
		9448C5771831038D0064C7F5 /* PXGAX12SplitViewController.m in Sources */ = {isa = PBXBuildFile; fileRef = 9448C5761831038D0064C7F5 /* PXGAX12SplitViewController.m */; };
		9448C57A183113E50064C7F5 /* PXGMovementsViewController.m in Sources */ = {isa = PBXBuildFile; fileRef = 9448C579183113E50064C7F5 /* PXGMovementsViewController.m */; };
		9448C5821831190D0064C7F5 /* PXGGroupTableViewController.m in Sources */ = {isa = PBXBuildFile; fileRef = 9448C5811831190D0064C7F5 /* PXGGroupTableViewController.m */; };
		9448C5881831606A0064C7F5 /* PXGGroupContentViewController.m in Sources */ = {isa = PBXBuildFile; fileRef = 9448C5871831606A0064C7F5 /* PXGGroupContentViewController.m */; };
		9448C58B18316D3A0064C7F5 /* PXGMovementContentTableViewController.m in Sources */ = {isa = PBXBuildFile; fileRef = 9448C58A18316D3A0064C7F5 /* PXGMovementContentTableViewController.m */; };
		944B4FB1188C1C3E009B9E0B /* libCorePlot-CocoaTouch.a in Frameworks */ = {isa = PBXBuildFile; fileRef = 944B4FB0188C1C3E009B9E0B /* libCorePlot-CocoaTouch.a */; };
		944B4FB6188C23EC009B9E0B /* PXGOdometryViewController.m in Sources */ = {isa = PBXBuildFile; fileRef = 944B4FB5188C23EC009B9E0B /* PXGOdometryViewController.m */; };
		946FF87218AFE8EA00A4B112 /* PXGAutoStartTableViewController.m in Sources */ = {isa = PBXBuildFile; fileRef = 946FF87118AFE8EA00A4B112 /* PXGAutoStartTableViewController.m */; };
		946FF87518AFECCF00A4B112 /* Auto.png in Resources */ = {isa = PBXBuildFile; fileRef = 946FF87418AFECCF00A4B112 /* Auto.png */; };
		94835D421795D5B90024A789 /* PXGDataSerializer.m in Sources */ = {isa = PBXBuildFile; fileRef = 94835D411795D5B90024A789 /* PXGDataSerializer.m */; };
		94835D45179849BE0024A789 /* PXGCommInterface.m in Sources */ = {isa = PBXBuildFile; fileRef = 94835D44179849BE0024A789 /* PXGCommInterface.m */; };
		94835D53179ABB860024A789 /* PXGCommViewController.m in Sources */ = {isa = PBXBuildFile; fileRef = 94835D52179ABB860024A789 /* PXGCommViewController.m */; };
		94835D56179ABDA30024A789 /* PXGMainToolBarViewController.m in Sources */ = {isa = PBXBuildFile; fileRef = 94835D55179ABDA30024A789 /* PXGMainToolBarViewController.m */; };
		94835D5C179AC9F80024A789 /* PXGLogViewController.m in Sources */ = {isa = PBXBuildFile; fileRef = 94835D5B179AC9F70024A789 /* PXGLogViewController.m */; };
		9488274717D3AEB40055C206 /* target.png in Resources */ = {isa = PBXBuildFile; fileRef = 9488274617D3AEB40055C206 /* target.png */; };
		9488274917D8FB400055C206 /* NeobotSelected.png in Resources */ = {isa = PBXBuildFile; fileRef = 9488274817D8FB400055C206 /* NeobotSelected.png */; };
		94A423A617DCB8F700D2E36B /* Tools.png in Resources */ = {isa = PBXBuildFile; fileRef = 94A423A517DCB8F700D2E36B /* Tools.png */; };
		94A423A917DCC14100D2E36B /* PXGOptionsViewController.m in Sources */ = {isa = PBXBuildFile; fileRef = 94A423A817DCC14100D2E36B /* PXGOptionsViewController.m */; };
		94AC01ED17A2E863005A47F3 /* PXGStrategySelectionViewController.m in Sources */ = {isa = PBXBuildFile; fileRef = 94AC01EC17A2E863005A47F3 /* PXGStrategySelectionViewController.m */; };
		94AC01F017A4060C005A47F3 /* PXGTeleportViewController.m in Sources */ = {isa = PBXBuildFile; fileRef = 94AC01EF17A4060C005A47F3 /* PXGTeleportViewController.m */; };
		94AC01F317A41139005A47F3 /* PXGTools.c in Sources */ = {isa = PBXBuildFile; fileRef = 94AC01F217A41139005A47F3 /* PXGTools.c */; };
		94AC01F617A41D55005A47F3 /* PXGCreatePointViewController.m in Sources */ = {isa = PBXBuildFile; fileRef = 94AC01F517A41D55005A47F3 /* PXGCreatePointViewController.m */; };
		94AD9FA918A6A172007B48D1 /* PXGSensorsViewController.m in Sources */ = {isa = PBXBuildFile; fileRef = 94AD9FA818A6A172007B48D1 /* PXGSensorsViewController.m */; };
		94D5E8D019278F34003EC1BB /* PXGActionsTableViewController.m in Sources */ = {isa = PBXBuildFile; fileRef = 94D5E8CF19278F34003EC1BB /* PXGActionsTableViewController.m */; };
		94DEC88E179BD066003D8A15 /* PXGStringListViewController.m in Sources */ = {isa = PBXBuildFile; fileRef = 94DEC88D179BD066003D8A15 /* PXGStringListViewController.m */; };
		94F30F0517A6CF9700E1805D /* PXGTrajectoriesViewController.m in Sources */ = {isa = PBXBuildFile; fileRef = 94F30F0417A6CF9700E1805D /* PXGTrajectoriesViewController.m */; };
		94F30F0817AACAA900E1805D /* PXGTrajectoryEditionViewController.m in Sources */ = {isa = PBXBuildFile; fileRef = 94F30F0717AACAA900E1805D /* PXGTrajectoryEditionViewController.m */; };
		94F533581854CC4200FD5F53 /* PXGAskNameViewController.m in Sources */ = {isa = PBXBuildFile; fileRef = 94F533571854CC4200FD5F53 /* PXGAskNameViewController.m */; };
		94F5335B18565ADE00FD5F53 /* PXGPositionActionsViewController.m in Sources */ = {isa = PBXBuildFile; fileRef = 94F5335A18565ADE00FD5F53 /* PXGPositionActionsViewController.m */; };
		94F5335E18565DC000FD5F53 /* PXGMovementSinglePositionViewController.m in Sources */ = {isa = PBXBuildFile; fileRef = 94F5335D18565DC000FD5F53 /* PXGMovementSinglePositionViewController.m */; };
		94FFA09418016171009AA63C /* AX-12.png in Resources */ = {isa = PBXBuildFile; fileRef = 94FFA09318016171009AA63C /* AX-12.png */; };
		94FFA09718018BD0009AA63C /* PXGAX12ListTableViewController.m in Sources */ = {isa = PBXBuildFile; fileRef = 94FFA09618018BD0009AA63C /* PXGAX12ListTableViewController.m */; };
		94FFA09A180191EF009AA63C /* PXGAddAX12ViewController.m in Sources */ = {isa = PBXBuildFile; fileRef = 94FFA099180191EF009AA63C /* PXGAddAX12ViewController.m */; };
/* End PBXBuildFile section */

/* Begin PBXFileReference section */
		9402B26719128295001B732A /* PXGColorCollectionViewController.h */ = {isa = PBXFileReference; fileEncoding = 4; lastKnownFileType = sourcecode.c.h; path = PXGColorCollectionViewController.h; sourceTree = "<group>"; };
		9402B26819128295001B732A /* PXGColorCollectionViewController.m */ = {isa = PBXFileReference; fileEncoding = 4; lastKnownFileType = sourcecode.c.objc; path = PXGColorCollectionViewController.m; sourceTree = "<group>"; };
		9403430B19D9883300937BDB /* Table.png */ = {isa = PBXFileReference; lastKnownFileType = image.png; path = Table.png; sourceTree = "<group>"; };
		9405E88917A04A9300B718B3 /* PXGParametersKeys.h */ = {isa = PBXFileReference; lastKnownFileType = sourcecode.c.h; path = PXGParametersKeys.h; sourceTree = "<group>"; };
		941BCC9E192FAA6300C68CB1 /* PXGSelectDelayViewController.h */ = {isa = PBXFileReference; fileEncoding = 4; lastKnownFileType = sourcecode.c.h; path = PXGSelectDelayViewController.h; sourceTree = "<group>"; };
		941BCC9F192FAA6300C68CB1 /* PXGSelectDelayViewController.m */ = {isa = PBXFileReference; fileEncoding = 4; lastKnownFileType = sourcecode.c.objc; path = PXGSelectDelayViewController.m; sourceTree = "<group>"; };
		942049AB17B7C5EF00B9E5AC /* PXGMapViewController.h */ = {isa = PBXFileReference; fileEncoding = 4; lastKnownFileType = sourcecode.c.h; path = PXGMapViewController.h; sourceTree = "<group>"; };
		942049AC17B7C5F000B9E5AC /* PXGMapViewController.m */ = {isa = PBXFileReference; fileEncoding = 4; lastKnownFileType = sourcecode.c.objc; path = PXGMapViewController.m; sourceTree = "<group>"; };
		942049AE17B7D47100B9E5AC /* Neobot.png */ = {isa = PBXFileReference; lastKnownFileType = image.png; path = Neobot.png; sourceTree = "<group>"; };
		9425C7D318B10DCC00D40AE9 /* PXGListChoiceViewController.h */ = {isa = PBXFileReference; fileEncoding = 4; lastKnownFileType = sourcecode.c.h; path = PXGListChoiceViewController.h; sourceTree = "<group>"; };
		9425C7D418B10DCC00D40AE9 /* PXGListChoiceViewController.m */ = {isa = PBXFileReference; fileEncoding = 4; lastKnownFileType = sourcecode.c.objc; path = PXGListChoiceViewController.m; sourceTree = "<group>"; };
		9425D37D1791565000C6E883 /* Neobot Client.app */ = {isa = PBXFileReference; explicitFileType = wrapper.application; includeInIndex = 0; path = "Neobot Client.app"; sourceTree = BUILT_PRODUCTS_DIR; };
		9425D3801791565000C6E883 /* UIKit.framework */ = {isa = PBXFileReference; lastKnownFileType = wrapper.framework; name = UIKit.framework; path = System/Library/Frameworks/UIKit.framework; sourceTree = SDKROOT; };
		9425D3821791565000C6E883 /* Foundation.framework */ = {isa = PBXFileReference; lastKnownFileType = wrapper.framework; name = Foundation.framework; path = System/Library/Frameworks/Foundation.framework; sourceTree = SDKROOT; };
		9425D3841791565000C6E883 /* CoreGraphics.framework */ = {isa = PBXFileReference; lastKnownFileType = wrapper.framework; name = CoreGraphics.framework; path = System/Library/Frameworks/CoreGraphics.framework; sourceTree = SDKROOT; };
		9425D3881791565000C6E883 /* Neobot Client-Info.plist */ = {isa = PBXFileReference; lastKnownFileType = text.plist.xml; path = "Neobot Client-Info.plist"; sourceTree = "<group>"; };
		9425D38A1791565000C6E883 /* en */ = {isa = PBXFileReference; lastKnownFileType = text.plist.strings; name = en; path = en.lproj/InfoPlist.strings; sourceTree = "<group>"; };
		9425D38C1791565000C6E883 /* main.m */ = {isa = PBXFileReference; lastKnownFileType = sourcecode.c.objc; path = main.m; sourceTree = "<group>"; };
		9425D38E1791565000C6E883 /* Neobot Client-Prefix.pch */ = {isa = PBXFileReference; lastKnownFileType = sourcecode.c.h; path = "Neobot Client-Prefix.pch"; sourceTree = "<group>"; };
		9425D38F1791565000C6E883 /* PXGAppDelegate.h */ = {isa = PBXFileReference; lastKnownFileType = sourcecode.c.h; path = PXGAppDelegate.h; sourceTree = "<group>"; };
		9425D3901791565000C6E883 /* PXGAppDelegate.m */ = {isa = PBXFileReference; lastKnownFileType = sourcecode.c.objc; path = PXGAppDelegate.m; sourceTree = "<group>"; };
		9425D3921791565000C6E883 /* Default.png */ = {isa = PBXFileReference; lastKnownFileType = image.png; path = Default.png; sourceTree = "<group>"; };
		9425D3941791565000C6E883 /* Default@2x.png */ = {isa = PBXFileReference; lastKnownFileType = image.png; path = "Default@2x.png"; sourceTree = "<group>"; };
		9425D3961791565000C6E883 /* Default-568h@2x.png */ = {isa = PBXFileReference; lastKnownFileType = image.png; path = "Default-568h@2x.png"; sourceTree = "<group>"; };
		9425D3991791565000C6E883 /* en */ = {isa = PBXFileReference; lastKnownFileType = file.storyboard; name = en; path = en.lproj/MainStoryboard.storyboard; sourceTree = "<group>"; };
		9425D39B1791565000C6E883 /* PXGRemoteViewController.h */ = {isa = PBXFileReference; lastKnownFileType = sourcecode.c.h; path = PXGRemoteViewController.h; sourceTree = "<group>"; };
		9425D39C1791565000C6E883 /* PXGRemoteViewController.m */ = {isa = PBXFileReference; lastKnownFileType = sourcecode.c.objc; path = PXGRemoteViewController.m; sourceTree = "<group>"; };
		9425D3B01791580200C6E883 /* NClientIcon.png */ = {isa = PBXFileReference; lastKnownFileType = image.png; path = NClientIcon.png; sourceTree = "<group>"; };
		9425D3B21791585200C6E883 /* NClientIcon_retina.png */ = {isa = PBXFileReference; lastKnownFileType = image.png; path = NClientIcon_retina.png; sourceTree = "<group>"; };
		9425D3B417915AEF00C6E883 /* Android.png */ = {isa = PBXFileReference; lastKnownFileType = image.png; path = Android.png; sourceTree = "<group>"; };
		9425D3B517915AEF00C6E883 /* File Transfer - Upload.png */ = {isa = PBXFileReference; lastKnownFileType = image.png; path = "File Transfer - Upload.png"; sourceTree = "<group>"; };
		9425D3B617915AEF00C6E883 /* Games.png */ = {isa = PBXFileReference; lastKnownFileType = image.png; path = Games.png; sourceTree = "<group>"; };
		9425D3B717915AEF00C6E883 /* Library.png */ = {isa = PBXFileReference; lastKnownFileType = image.png; path = Library.png; sourceTree = "<group>"; };
		9425D3B817915AEF00C6E883 /* Network.png */ = {isa = PBXFileReference; lastKnownFileType = image.png; path = Network.png; sourceTree = "<group>"; };
		9425D3B917915AEF00C6E883 /* sensor.png */ = {isa = PBXFileReference; lastKnownFileType = image.png; path = sensor.png; sourceTree = "<group>"; };
		9425D3BA17915AEF00C6E883 /* Task Manager.png */ = {isa = PBXFileReference; lastKnownFileType = image.png; path = "Task Manager.png"; sourceTree = "<group>"; };
		9425D3BB17915AEF00C6E883 /* Toolbar - Playlist.png */ = {isa = PBXFileReference; lastKnownFileType = image.png; path = "Toolbar - Playlist.png"; sourceTree = "<group>"; };
		9428504E17F8599600230DD2 /* PXGAX12CollectionViewController.h */ = {isa = PBXFileReference; fileEncoding = 4; lastKnownFileType = sourcecode.c.h; path = PXGAX12CollectionViewController.h; sourceTree = "<group>"; };
		9428504F17F8599600230DD2 /* PXGAX12CollectionViewController.m */ = {isa = PBXFileReference; fileEncoding = 4; lastKnownFileType = sourcecode.c.objc; path = PXGAX12CollectionViewController.m; sourceTree = "<group>"; };
		9428505117F9E5D600230DD2 /* PXGAX12CollectionCell.h */ = {isa = PBXFileReference; fileEncoding = 4; lastKnownFileType = sourcecode.c.h; path = PXGAX12CollectionCell.h; sourceTree = "<group>"; };
		9428505217F9E5D600230DD2 /* PXGAX12CollectionCell.m */ = {isa = PBXFileReference; fileEncoding = 4; lastKnownFileType = sourcecode.c.objc; path = PXGAX12CollectionCell.m; sourceTree = "<group>"; };
		9428505417F9E78A00230DD2 /* PXGAX12Data.h */ = {isa = PBXFileReference; fileEncoding = 4; lastKnownFileType = sourcecode.c.h; path = PXGAX12Data.h; sourceTree = "<group>"; };
		9428505517F9E78A00230DD2 /* PXGAX12Data.m */ = {isa = PBXFileReference; fileEncoding = 4; lastKnownFileType = sourcecode.c.objc; path = PXGAX12Data.m; sourceTree = "<group>"; };
		942BBE5C17B9461C00EFF044 /* PXGRPoint.h */ = {isa = PBXFileReference; fileEncoding = 4; lastKnownFileType = sourcecode.c.h; path = PXGRPoint.h; sourceTree = "<group>"; };
		942BBE5D17B9461C00EFF044 /* PXGRPoint.m */ = {isa = PBXFileReference; fileEncoding = 4; lastKnownFileType = sourcecode.c.objc; path = PXGRPoint.m; sourceTree = "<group>"; };
		942BBE5F17B9473200EFF044 /* PXGMapObject.h */ = {isa = PBXFileReference; fileEncoding = 4; lastKnownFileType = sourcecode.c.h; path = PXGMapObject.h; sourceTree = "<group>"; };
		942BBE6017B9473200EFF044 /* PXGMapObject.m */ = {isa = PBXFileReference; fileEncoding = 4; lastKnownFileType = sourcecode.c.objc; path = PXGMapObject.m; sourceTree = "<group>"; };
		942BBE6417BBE1A100EFF044 /* QuartzCore.framework */ = {isa = PBXFileReference; lastKnownFileType = wrapper.framework; name = QuartzCore.framework; path = System/Library/Frameworks/QuartzCore.framework; sourceTree = SDKROOT; };
		9433FE351795B0E70092A43B /* PXGCommProtocol.h */ = {isa = PBXFileReference; fileEncoding = 4; lastKnownFileType = sourcecode.c.h; path = PXGCommProtocol.h; sourceTree = "<group>"; };
		9433FE361795B0E70092A43B /* PXGCommProtocol.m */ = {isa = PBXFileReference; fileEncoding = 4; lastKnownFileType = sourcecode.c.objc; path = PXGCommProtocol.m; sourceTree = "<group>"; };
		9433FE391795BB4F0092A43B /* GCDAsyncSocket.h */ = {isa = PBXFileReference; fileEncoding = 4; lastKnownFileType = sourcecode.c.h; path = GCDAsyncSocket.h; sourceTree = "<group>"; };
		9433FE3A1795BB4F0092A43B /* GCDAsyncSocket.m */ = {isa = PBXFileReference; fileEncoding = 4; lastKnownFileType = sourcecode.c.objc; path = GCDAsyncSocket.m; sourceTree = "<group>"; };
		9433FE3E1795BD0A0092A43B /* Security.framework */ = {isa = PBXFileReference; lastKnownFileType = wrapper.framework; name = Security.framework; path = System/Library/Frameworks/Security.framework; sourceTree = SDKROOT; };
		9433FE401795BD720092A43B /* CFNetwork.framework */ = {isa = PBXFileReference; lastKnownFileType = wrapper.framework; name = CFNetwork.framework; path = System/Library/Frameworks/CFNetwork.framework; sourceTree = SDKROOT; };
		94344DF217F6F889006ABBCD /* PXGStickControlView.h */ = {isa = PBXFileReference; fileEncoding = 4; lastKnownFileType = sourcecode.c.h; path = PXGStickControlView.h; sourceTree = "<group>"; };
		94344DF317F6F889006ABBCD /* PXGStickControlView.m */ = {isa = PBXFileReference; fileEncoding = 4; lastKnownFileType = sourcecode.c.objc; path = PXGStickControlView.m; sourceTree = "<group>"; };
		94344DF517F701FB006ABBCD /* PXGAX12ViewController.h */ = {isa = PBXFileReference; fileEncoding = 4; lastKnownFileType = sourcecode.c.h; path = PXGAX12ViewController.h; sourceTree = "<group>"; };
		94344DF617F701FB006ABBCD /* PXGAX12ViewController.m */ = {isa = PBXFileReference; fileEncoding = 4; lastKnownFileType = sourcecode.c.objc; path = PXGAX12ViewController.m; sourceTree = "<group>"; };
		943AD3431935179E0006CCDC /* PXGDeplacementTypeTableViewController.h */ = {isa = PBXFileReference; fileEncoding = 4; lastKnownFileType = sourcecode.c.h; path = PXGDeplacementTypeTableViewController.h; sourceTree = "<group>"; };
		943AD3441935179E0006CCDC /* PXGDeplacementTypeTableViewController.m */ = {isa = PBXFileReference; fileEncoding = 4; lastKnownFileType = sourcecode.c.objc; path = PXGDeplacementTypeTableViewController.m; sourceTree = "<group>"; };
		943DF58B180332D800630316 /* PXGSelectAngleViewController.h */ = {isa = PBXFileReference; fileEncoding = 4; lastKnownFileType = sourcecode.c.h; path = PXGSelectAngleViewController.h; sourceTree = "<group>"; };
		943DF58C180332D800630316 /* PXGSelectAngleViewController.m */ = {isa = PBXFileReference; fileEncoding = 4; lastKnownFileType = sourcecode.c.objc; path = PXGSelectAngleViewController.m; sourceTree = "<group>"; };
		9440516B1826991C00E3671B /* PXGAX12MovementManager.h */ = {isa = PBXFileReference; fileEncoding = 4; lastKnownFileType = sourcecode.c.h; path = PXGAX12MovementManager.h; sourceTree = "<group>"; };
		9440516C1826991C00E3671B /* PXGAX12MovementManager.m */ = {isa = PBXFileReference; fileEncoding = 4; lastKnownFileType = sourcecode.c.objc; path = PXGAX12MovementManager.m; sourceTree = "<group>"; };
		9440BF5618B28819006A4A91 /* PXGParametersViewController.h */ = {isa = PBXFileReference; fileEncoding = 4; lastKnownFileType = sourcecode.c.h; path = PXGParametersViewController.h; sourceTree = "<group>"; };
		9440BF5718B28819006A4A91 /* PXGParametersViewController.m */ = {isa = PBXFileReference; fileEncoding = 4; lastKnownFileType = sourcecode.c.objc; path = PXGParametersViewController.m; sourceTree = "<group>"; };
		94431895188DB846005221B4 /* PXGSimpleScatterPlotViewController.h */ = {isa = PBXFileReference; fileEncoding = 4; lastKnownFileType = sourcecode.c.h; path = PXGSimpleScatterPlotViewController.h; sourceTree = "<group>"; };
		94431896188DB846005221B4 /* PXGSimpleScatterPlotViewController.m */ = {isa = PBXFileReference; fileEncoding = 4; lastKnownFileType = sourcecode.c.objc; path = PXGSimpleScatterPlotViewController.m; sourceTree = "<group>"; };
		9448C5751831038D0064C7F5 /* PXGAX12SplitViewController.h */ = {isa = PBXFileReference; fileEncoding = 4; lastKnownFileType = sourcecode.c.h; path = PXGAX12SplitViewController.h; sourceTree = "<group>"; };
		9448C5761831038D0064C7F5 /* PXGAX12SplitViewController.m */ = {isa = PBXFileReference; fileEncoding = 4; lastKnownFileType = sourcecode.c.objc; path = PXGAX12SplitViewController.m; sourceTree = "<group>"; };
		9448C578183113E50064C7F5 /* PXGMovementsViewController.h */ = {isa = PBXFileReference; fileEncoding = 4; lastKnownFileType = sourcecode.c.h; path = PXGMovementsViewController.h; sourceTree = "<group>"; };
		9448C579183113E50064C7F5 /* PXGMovementsViewController.m */ = {isa = PBXFileReference; fileEncoding = 4; lastKnownFileType = sourcecode.c.objc; path = PXGMovementsViewController.m; sourceTree = "<group>"; };
		9448C5801831190D0064C7F5 /* PXGGroupTableViewController.h */ = {isa = PBXFileReference; fileEncoding = 4; lastKnownFileType = sourcecode.c.h; path = PXGGroupTableViewController.h; sourceTree = "<group>"; };
		9448C5811831190D0064C7F5 /* PXGGroupTableViewController.m */ = {isa = PBXFileReference; fileEncoding = 4; lastKnownFileType = sourcecode.c.objc; path = PXGGroupTableViewController.m; sourceTree = "<group>"; };
		9448C5861831606A0064C7F5 /* PXGGroupContentViewController.h */ = {isa = PBXFileReference; fileEncoding = 4; lastKnownFileType = sourcecode.c.h; path = PXGGroupContentViewController.h; sourceTree = "<group>"; };
		9448C5871831606A0064C7F5 /* PXGGroupContentViewController.m */ = {isa = PBXFileReference; fileEncoding = 4; lastKnownFileType = sourcecode.c.objc; path = PXGGroupContentViewController.m; sourceTree = "<group>"; };
		9448C58918316D3A0064C7F5 /* PXGMovementContentTableViewController.h */ = {isa = PBXFileReference; fileEncoding = 4; lastKnownFileType = sourcecode.c.h; path = PXGMovementContentTableViewController.h; sourceTree = "<group>"; };
		9448C58A18316D3A0064C7F5 /* PXGMovementContentTableViewController.m */ = {isa = PBXFileReference; fileEncoding = 4; lastKnownFileType = sourcecode.c.objc; path = PXGMovementContentTableViewController.m; sourceTree = "<group>"; };
		944B4F62188C1C2E009B9E0B /* CorePlot-CocoaTouch.h */ = {isa = PBXFileReference; fileEncoding = 4; lastKnownFileType = sourcecode.c.h; path = "CorePlot-CocoaTouch.h"; sourceTree = "<group>"; };
		944B4F63188C1C2E009B9E0B /* CPTAnimation.h */ = {isa = PBXFileReference; fileEncoding = 4; lastKnownFileType = sourcecode.c.h; path = CPTAnimation.h; sourceTree = "<group>"; };
		944B4F64188C1C2E009B9E0B /* CPTAnimationOperation.h */ = {isa = PBXFileReference; fileEncoding = 4; lastKnownFileType = sourcecode.c.h; path = CPTAnimationOperation.h; sourceTree = "<group>"; };
		944B4F65188C1C2E009B9E0B /* CPTAnimationPeriod.h */ = {isa = PBXFileReference; fileEncoding = 4; lastKnownFileType = sourcecode.c.h; path = CPTAnimationPeriod.h; sourceTree = "<group>"; };
		944B4F66188C1C2E009B9E0B /* CPTAnnotation.h */ = {isa = PBXFileReference; fileEncoding = 4; lastKnownFileType = sourcecode.c.h; path = CPTAnnotation.h; sourceTree = "<group>"; };
		944B4F67188C1C2E009B9E0B /* CPTAnnotationHostLayer.h */ = {isa = PBXFileReference; fileEncoding = 4; lastKnownFileType = sourcecode.c.h; path = CPTAnnotationHostLayer.h; sourceTree = "<group>"; };
		944B4F68188C1C2E009B9E0B /* CPTAxis.h */ = {isa = PBXFileReference; fileEncoding = 4; lastKnownFileType = sourcecode.c.h; path = CPTAxis.h; sourceTree = "<group>"; };
		944B4F69188C1C2E009B9E0B /* CPTAxisLabel.h */ = {isa = PBXFileReference; fileEncoding = 4; lastKnownFileType = sourcecode.c.h; path = CPTAxisLabel.h; sourceTree = "<group>"; };
		944B4F6A188C1C2E009B9E0B /* CPTAxisLabelGroup.h */ = {isa = PBXFileReference; fileEncoding = 4; lastKnownFileType = sourcecode.c.h; path = CPTAxisLabelGroup.h; sourceTree = "<group>"; };
		944B4F6B188C1C2E009B9E0B /* CPTAxisSet.h */ = {isa = PBXFileReference; fileEncoding = 4; lastKnownFileType = sourcecode.c.h; path = CPTAxisSet.h; sourceTree = "<group>"; };
		944B4F6C188C1C2E009B9E0B /* CPTAxisTitle.h */ = {isa = PBXFileReference; fileEncoding = 4; lastKnownFileType = sourcecode.c.h; path = CPTAxisTitle.h; sourceTree = "<group>"; };
		944B4F6D188C1C2E009B9E0B /* CPTBarPlot.h */ = {isa = PBXFileReference; fileEncoding = 4; lastKnownFileType = sourcecode.c.h; path = CPTBarPlot.h; sourceTree = "<group>"; };
		944B4F6E188C1C2E009B9E0B /* CPTBorderedLayer.h */ = {isa = PBXFileReference; fileEncoding = 4; lastKnownFileType = sourcecode.c.h; path = CPTBorderedLayer.h; sourceTree = "<group>"; };
		944B4F6F188C1C2E009B9E0B /* CPTCalendarFormatter.h */ = {isa = PBXFileReference; fileEncoding = 4; lastKnownFileType = sourcecode.c.h; path = CPTCalendarFormatter.h; sourceTree = "<group>"; };
		944B4F70188C1C2E009B9E0B /* CPTColor.h */ = {isa = PBXFileReference; fileEncoding = 4; lastKnownFileType = sourcecode.c.h; path = CPTColor.h; sourceTree = "<group>"; };
		944B4F71188C1C2E009B9E0B /* CPTColorSpace.h */ = {isa = PBXFileReference; fileEncoding = 4; lastKnownFileType = sourcecode.c.h; path = CPTColorSpace.h; sourceTree = "<group>"; };
		944B4F72188C1C2E009B9E0B /* CPTConstraints.h */ = {isa = PBXFileReference; fileEncoding = 4; lastKnownFileType = sourcecode.c.h; path = CPTConstraints.h; sourceTree = "<group>"; };
		944B4F73188C1C2E009B9E0B /* CPTDataSourceTestCase.h */ = {isa = PBXFileReference; fileEncoding = 4; lastKnownFileType = sourcecode.c.h; path = CPTDataSourceTestCase.h; sourceTree = "<group>"; };
		944B4F74188C1C2E009B9E0B /* CPTDefinitions.h */ = {isa = PBXFileReference; fileEncoding = 4; lastKnownFileType = sourcecode.c.h; path = CPTDefinitions.h; sourceTree = "<group>"; };
		944B4F75188C1C2E009B9E0B /* CPTDerivedXYGraph.h */ = {isa = PBXFileReference; fileEncoding = 4; lastKnownFileType = sourcecode.c.h; path = CPTDerivedXYGraph.h; sourceTree = "<group>"; };
		944B4F76188C1C2E009B9E0B /* CPTExceptions.h */ = {isa = PBXFileReference; fileEncoding = 4; lastKnownFileType = sourcecode.c.h; path = CPTExceptions.h; sourceTree = "<group>"; };
		944B4F77188C1C2E009B9E0B /* CPTFill.h */ = {isa = PBXFileReference; fileEncoding = 4; lastKnownFileType = sourcecode.c.h; path = CPTFill.h; sourceTree = "<group>"; };
		944B4F78188C1C2E009B9E0B /* CPTFunctionDataSource.h */ = {isa = PBXFileReference; fileEncoding = 4; lastKnownFileType = sourcecode.c.h; path = CPTFunctionDataSource.h; sourceTree = "<group>"; };
		944B4F79188C1C2E009B9E0B /* CPTGradient.h */ = {isa = PBXFileReference; fileEncoding = 4; lastKnownFileType = sourcecode.c.h; path = CPTGradient.h; sourceTree = "<group>"; };
		944B4F7A188C1C2E009B9E0B /* CPTGraph.h */ = {isa = PBXFileReference; fileEncoding = 4; lastKnownFileType = sourcecode.c.h; path = CPTGraph.h; sourceTree = "<group>"; };
		944B4F7B188C1C2E009B9E0B /* CPTGraphHostingView.h */ = {isa = PBXFileReference; fileEncoding = 4; lastKnownFileType = sourcecode.c.h; path = CPTGraphHostingView.h; sourceTree = "<group>"; };
		944B4F7C188C1C2E009B9E0B /* CPTGridLineGroup.h */ = {isa = PBXFileReference; fileEncoding = 4; lastKnownFileType = sourcecode.c.h; path = CPTGridLineGroup.h; sourceTree = "<group>"; };
		944B4F7D188C1C2E009B9E0B /* CPTGridLines.h */ = {isa = PBXFileReference; fileEncoding = 4; lastKnownFileType = sourcecode.c.h; path = CPTGridLines.h; sourceTree = "<group>"; };
		944B4F7E188C1C2E009B9E0B /* CPTImage.h */ = {isa = PBXFileReference; fileEncoding = 4; lastKnownFileType = sourcecode.c.h; path = CPTImage.h; sourceTree = "<group>"; };
		944B4F7F188C1C2E009B9E0B /* CPTLayer.h */ = {isa = PBXFileReference; fileEncoding = 4; lastKnownFileType = sourcecode.c.h; path = CPTLayer.h; sourceTree = "<group>"; };
		944B4F80188C1C2E009B9E0B /* CPTLayerAnnotation.h */ = {isa = PBXFileReference; fileEncoding = 4; lastKnownFileType = sourcecode.c.h; path = CPTLayerAnnotation.h; sourceTree = "<group>"; };
		944B4F81188C1C2E009B9E0B /* CPTLegend.h */ = {isa = PBXFileReference; fileEncoding = 4; lastKnownFileType = sourcecode.c.h; path = CPTLegend.h; sourceTree = "<group>"; };
		944B4F82188C1C2E009B9E0B /* CPTLegendEntry.h */ = {isa = PBXFileReference; fileEncoding = 4; lastKnownFileType = sourcecode.c.h; path = CPTLegendEntry.h; sourceTree = "<group>"; };
		944B4F83188C1C2E009B9E0B /* CPTLimitBand.h */ = {isa = PBXFileReference; fileEncoding = 4; lastKnownFileType = sourcecode.c.h; path = CPTLimitBand.h; sourceTree = "<group>"; };
		944B4F84188C1C2E009B9E0B /* CPTLineCap.h */ = {isa = PBXFileReference; fileEncoding = 4; lastKnownFileType = sourcecode.c.h; path = CPTLineCap.h; sourceTree = "<group>"; };
		944B4F85188C1C2E009B9E0B /* CPTLineStyle.h */ = {isa = PBXFileReference; fileEncoding = 4; lastKnownFileType = sourcecode.c.h; path = CPTLineStyle.h; sourceTree = "<group>"; };
		944B4F86188C1C2E009B9E0B /* CPTMutableLineStyle.h */ = {isa = PBXFileReference; fileEncoding = 4; lastKnownFileType = sourcecode.c.h; path = CPTMutableLineStyle.h; sourceTree = "<group>"; };
		944B4F87188C1C2E009B9E0B /* CPTMutableNumericData+TypeConversion.h */ = {isa = PBXFileReference; fileEncoding = 4; lastKnownFileType = sourcecode.c.h; path = "CPTMutableNumericData+TypeConversion.h"; sourceTree = "<group>"; };
		944B4F88188C1C2E009B9E0B /* CPTMutableNumericData.h */ = {isa = PBXFileReference; fileEncoding = 4; lastKnownFileType = sourcecode.c.h; path = CPTMutableNumericData.h; sourceTree = "<group>"; };
		944B4F89188C1C2E009B9E0B /* CPTMutablePlotRange.h */ = {isa = PBXFileReference; fileEncoding = 4; lastKnownFileType = sourcecode.c.h; path = CPTMutablePlotRange.h; sourceTree = "<group>"; };
		944B4F8A188C1C2E009B9E0B /* CPTMutableShadow.h */ = {isa = PBXFileReference; fileEncoding = 4; lastKnownFileType = sourcecode.c.h; path = CPTMutableShadow.h; sourceTree = "<group>"; };
		944B4F8B188C1C2E009B9E0B /* CPTMutableTextStyle.h */ = {isa = PBXFileReference; fileEncoding = 4; lastKnownFileType = sourcecode.c.h; path = CPTMutableTextStyle.h; sourceTree = "<group>"; };
		944B4F8C188C1C2E009B9E0B /* CPTNumericData+TypeConversion.h */ = {isa = PBXFileReference; fileEncoding = 4; lastKnownFileType = sourcecode.c.h; path = "CPTNumericData+TypeConversion.h"; sourceTree = "<group>"; };
		944B4F8D188C1C2E009B9E0B /* CPTNumericData.h */ = {isa = PBXFileReference; fileEncoding = 4; lastKnownFileType = sourcecode.c.h; path = CPTNumericData.h; sourceTree = "<group>"; };
		944B4F8E188C1C2E009B9E0B /* CPTNumericDataType.h */ = {isa = PBXFileReference; fileEncoding = 4; lastKnownFileType = sourcecode.c.h; path = CPTNumericDataType.h; sourceTree = "<group>"; };
		944B4F8F188C1C2E009B9E0B /* CPTPathExtensions.h */ = {isa = PBXFileReference; fileEncoding = 4; lastKnownFileType = sourcecode.c.h; path = CPTPathExtensions.h; sourceTree = "<group>"; };
		944B4F90188C1C2E009B9E0B /* CPTPieChart.h */ = {isa = PBXFileReference; fileEncoding = 4; lastKnownFileType = sourcecode.c.h; path = CPTPieChart.h; sourceTree = "<group>"; };
		944B4F91188C1C2E009B9E0B /* CPTPlatformSpecificCategories.h */ = {isa = PBXFileReference; fileEncoding = 4; lastKnownFileType = sourcecode.c.h; path = CPTPlatformSpecificCategories.h; sourceTree = "<group>"; };
		944B4F92188C1C2E009B9E0B /* CPTPlatformSpecificDefines.h */ = {isa = PBXFileReference; fileEncoding = 4; lastKnownFileType = sourcecode.c.h; path = CPTPlatformSpecificDefines.h; sourceTree = "<group>"; };
		944B4F93188C1C2E009B9E0B /* CPTPlatformSpecificFunctions.h */ = {isa = PBXFileReference; fileEncoding = 4; lastKnownFileType = sourcecode.c.h; path = CPTPlatformSpecificFunctions.h; sourceTree = "<group>"; };
		944B4F94188C1C2E009B9E0B /* CPTPlot.h */ = {isa = PBXFileReference; fileEncoding = 4; lastKnownFileType = sourcecode.c.h; path = CPTPlot.h; sourceTree = "<group>"; };
		944B4F95188C1C2E009B9E0B /* CPTPlotArea.h */ = {isa = PBXFileReference; fileEncoding = 4; lastKnownFileType = sourcecode.c.h; path = CPTPlotArea.h; sourceTree = "<group>"; };
		944B4F96188C1C2E009B9E0B /* CPTPlotAreaFrame.h */ = {isa = PBXFileReference; fileEncoding = 4; lastKnownFileType = sourcecode.c.h; path = CPTPlotAreaFrame.h; sourceTree = "<group>"; };
		944B4F97188C1C2E009B9E0B /* CPTPlotGroup.h */ = {isa = PBXFileReference; fileEncoding = 4; lastKnownFileType = sourcecode.c.h; path = CPTPlotGroup.h; sourceTree = "<group>"; };
		944B4F98188C1C2E009B9E0B /* CPTPlotRange.h */ = {isa = PBXFileReference; fileEncoding = 4; lastKnownFileType = sourcecode.c.h; path = CPTPlotRange.h; sourceTree = "<group>"; };
		944B4F99188C1C2E009B9E0B /* CPTPlotSpace.h */ = {isa = PBXFileReference; fileEncoding = 4; lastKnownFileType = sourcecode.c.h; path = CPTPlotSpace.h; sourceTree = "<group>"; };
		944B4F9A188C1C2E009B9E0B /* CPTPlotSpaceAnnotation.h */ = {isa = PBXFileReference; fileEncoding = 4; lastKnownFileType = sourcecode.c.h; path = CPTPlotSpaceAnnotation.h; sourceTree = "<group>"; };
		944B4F9B188C1C2E009B9E0B /* CPTPlotSymbol.h */ = {isa = PBXFileReference; fileEncoding = 4; lastKnownFileType = sourcecode.c.h; path = CPTPlotSymbol.h; sourceTree = "<group>"; };
		944B4F9C188C1C2E009B9E0B /* CPTRangePlot.h */ = {isa = PBXFileReference; fileEncoding = 4; lastKnownFileType = sourcecode.c.h; path = CPTRangePlot.h; sourceTree = "<group>"; };
		944B4F9D188C1C2E009B9E0B /* CPTResponder.h */ = {isa = PBXFileReference; fileEncoding = 4; lastKnownFileType = sourcecode.c.h; path = CPTResponder.h; sourceTree = "<group>"; };
		944B4F9E188C1C2E009B9E0B /* CPTScatterPlot.h */ = {isa = PBXFileReference; fileEncoding = 4; lastKnownFileType = sourcecode.c.h; path = CPTScatterPlot.h; sourceTree = "<group>"; };
		944B4F9F188C1C2E009B9E0B /* CPTShadow.h */ = {isa = PBXFileReference; fileEncoding = 4; lastKnownFileType = sourcecode.c.h; path = CPTShadow.h; sourceTree = "<group>"; };
		944B4FA0188C1C2E009B9E0B /* CPTTestCase.h */ = {isa = PBXFileReference; fileEncoding = 4; lastKnownFileType = sourcecode.c.h; path = CPTTestCase.h; sourceTree = "<group>"; };
		944B4FA1188C1C2E009B9E0B /* CPTTextLayer.h */ = {isa = PBXFileReference; fileEncoding = 4; lastKnownFileType = sourcecode.c.h; path = CPTTextLayer.h; sourceTree = "<group>"; };
		944B4FA2188C1C2E009B9E0B /* CPTTextStyle.h */ = {isa = PBXFileReference; fileEncoding = 4; lastKnownFileType = sourcecode.c.h; path = CPTTextStyle.h; sourceTree = "<group>"; };
		944B4FA3188C1C2E009B9E0B /* CPTTextStylePlatformSpecific.h */ = {isa = PBXFileReference; fileEncoding = 4; lastKnownFileType = sourcecode.c.h; path = CPTTextStylePlatformSpecific.h; sourceTree = "<group>"; };
		944B4FA4188C1C2E009B9E0B /* CPTTheme.h */ = {isa = PBXFileReference; fileEncoding = 4; lastKnownFileType = sourcecode.c.h; path = CPTTheme.h; sourceTree = "<group>"; };
		944B4FA5188C1C2E009B9E0B /* CPTTimeFormatter.h */ = {isa = PBXFileReference; fileEncoding = 4; lastKnownFileType = sourcecode.c.h; path = CPTTimeFormatter.h; sourceTree = "<group>"; };
		944B4FA6188C1C2E009B9E0B /* CPTTradingRangePlot.h */ = {isa = PBXFileReference; fileEncoding = 4; lastKnownFileType = sourcecode.c.h; path = CPTTradingRangePlot.h; sourceTree = "<group>"; };
		944B4FA7188C1C2E009B9E0B /* CPTUtilities.h */ = {isa = PBXFileReference; fileEncoding = 4; lastKnownFileType = sourcecode.c.h; path = CPTUtilities.h; sourceTree = "<group>"; };
		944B4FA8188C1C2E009B9E0B /* CPTXYAxis.h */ = {isa = PBXFileReference; fileEncoding = 4; lastKnownFileType = sourcecode.c.h; path = CPTXYAxis.h; sourceTree = "<group>"; };
		944B4FA9188C1C2E009B9E0B /* CPTXYAxisSet.h */ = {isa = PBXFileReference; fileEncoding = 4; lastKnownFileType = sourcecode.c.h; path = CPTXYAxisSet.h; sourceTree = "<group>"; };
		944B4FAA188C1C2E009B9E0B /* CPTXYGraph.h */ = {isa = PBXFileReference; fileEncoding = 4; lastKnownFileType = sourcecode.c.h; path = CPTXYGraph.h; sourceTree = "<group>"; };
		944B4FAB188C1C2E009B9E0B /* CPTXYPlotSpace.h */ = {isa = PBXFileReference; fileEncoding = 4; lastKnownFileType = sourcecode.c.h; path = CPTXYPlotSpace.h; sourceTree = "<group>"; };
		944B4FAC188C1C2E009B9E0B /* mainpage.h */ = {isa = PBXFileReference; fileEncoding = 4; lastKnownFileType = sourcecode.c.h; path = mainpage.h; sourceTree = "<group>"; };
		944B4FAD188C1C2E009B9E0B /* NSCoderExtensions.h */ = {isa = PBXFileReference; fileEncoding = 4; lastKnownFileType = sourcecode.c.h; path = NSCoderExtensions.h; sourceTree = "<group>"; };
		944B4FAE188C1C2E009B9E0B /* NSDecimalNumberExtensions.h */ = {isa = PBXFileReference; fileEncoding = 4; lastKnownFileType = sourcecode.c.h; path = NSDecimalNumberExtensions.h; sourceTree = "<group>"; };
		944B4FAF188C1C2E009B9E0B /* NSNumberExtensions.h */ = {isa = PBXFileReference; fileEncoding = 4; lastKnownFileType = sourcecode.c.h; path = NSNumberExtensions.h; sourceTree = "<group>"; };
		944B4FB0188C1C3E009B9E0B /* libCorePlot-CocoaTouch.a */ = {isa = PBXFileReference; lastKnownFileType = archive.ar; path = "libCorePlot-CocoaTouch.a"; sourceTree = "<group>"; };
		944B4FB4188C23EC009B9E0B /* PXGOdometryViewController.h */ = {isa = PBXFileReference; fileEncoding = 4; lastKnownFileType = sourcecode.c.h; path = PXGOdometryViewController.h; sourceTree = "<group>"; };
		944B4FB5188C23EC009B9E0B /* PXGOdometryViewController.m */ = {isa = PBXFileReference; fileEncoding = 4; lastKnownFileType = sourcecode.c.objc; path = PXGOdometryViewController.m; sourceTree = "<group>"; };
		946FF87018AFE8EA00A4B112 /* PXGAutoStartTableViewController.h */ = {isa = PBXFileReference; fileEncoding = 4; lastKnownFileType = sourcecode.c.h; path = PXGAutoStartTableViewController.h; sourceTree = "<group>"; };
		946FF87118AFE8EA00A4B112 /* PXGAutoStartTableViewController.m */ = {isa = PBXFileReference; fileEncoding = 4; lastKnownFileType = sourcecode.c.objc; path = PXGAutoStartTableViewController.m; sourceTree = "<group>"; };
		946FF87418AFECCF00A4B112 /* Auto.png */ = {isa = PBXFileReference; lastKnownFileType = image.png; path = Auto.png; sourceTree = "<group>"; };
		94835D401795D5B90024A789 /* PXGDataSerializer.h */ = {isa = PBXFileReference; fileEncoding = 4; lastKnownFileType = sourcecode.c.h; path = PXGDataSerializer.h; sourceTree = "<group>"; };
		94835D411795D5B90024A789 /* PXGDataSerializer.m */ = {isa = PBXFileReference; fileEncoding = 4; lastKnownFileType = sourcecode.c.objc; path = PXGDataSerializer.m; sourceTree = "<group>"; };
		94835D43179849BE0024A789 /* PXGCommInterface.h */ = {isa = PBXFileReference; fileEncoding = 4; lastKnownFileType = sourcecode.c.h; path = PXGCommInterface.h; sourceTree = "<group>"; };
		94835D44179849BE0024A789 /* PXGCommInterface.m */ = {isa = PBXFileReference; fileEncoding = 4; lastKnownFileType = sourcecode.c.objc; path = PXGCommInterface.m; sourceTree = "<group>"; };
		94835D461798593D0024A789 /* PXGInstructions.h */ = {isa = PBXFileReference; fileEncoding = 4; lastKnownFileType = sourcecode.c.h; path = PXGInstructions.h; sourceTree = "<group>"; };
		94835D51179ABB860024A789 /* PXGCommViewController.h */ = {isa = PBXFileReference; fileEncoding = 4; lastKnownFileType = sourcecode.c.h; path = PXGCommViewController.h; sourceTree = "<group>"; };
		94835D52179ABB860024A789 /* PXGCommViewController.m */ = {isa = PBXFileReference; fileEncoding = 4; lastKnownFileType = sourcecode.c.objc; path = PXGCommViewController.m; sourceTree = "<group>"; };
		94835D54179ABDA20024A789 /* PXGMainToolBarViewController.h */ = {isa = PBXFileReference; fileEncoding = 4; lastKnownFileType = sourcecode.c.h; path = PXGMainToolBarViewController.h; sourceTree = "<group>"; };
		94835D55179ABDA30024A789 /* PXGMainToolBarViewController.m */ = {isa = PBXFileReference; fileEncoding = 4; lastKnownFileType = sourcecode.c.objc; path = PXGMainToolBarViewController.m; sourceTree = "<group>"; };
		94835D5A179AC9F70024A789 /* PXGLogViewController.h */ = {isa = PBXFileReference; fileEncoding = 4; lastKnownFileType = sourcecode.c.h; path = PXGLogViewController.h; sourceTree = "<group>"; };
		94835D5B179AC9F70024A789 /* PXGLogViewController.m */ = {isa = PBXFileReference; fileEncoding = 4; lastKnownFileType = sourcecode.c.objc; path = PXGLogViewController.m; sourceTree = "<group>"; };
		9488274617D3AEB40055C206 /* target.png */ = {isa = PBXFileReference; lastKnownFileType = image.png; path = target.png; sourceTree = "<group>"; };
		9488274817D8FB400055C206 /* NeobotSelected.png */ = {isa = PBXFileReference; lastKnownFileType = image.png; path = NeobotSelected.png; sourceTree = "<group>"; };
		94A423A517DCB8F700D2E36B /* Tools.png */ = {isa = PBXFileReference; lastKnownFileType = image.png; path = Tools.png; sourceTree = "<group>"; };
		94A423A717DCC14000D2E36B /* PXGOptionsViewController.h */ = {isa = PBXFileReference; fileEncoding = 4; lastKnownFileType = sourcecode.c.h; path = PXGOptionsViewController.h; sourceTree = "<group>"; };
		94A423A817DCC14100D2E36B /* PXGOptionsViewController.m */ = {isa = PBXFileReference; fileEncoding = 4; lastKnownFileType = sourcecode.c.objc; path = PXGOptionsViewController.m; sourceTree = "<group>"; };
		94AC01EB17A2E863005A47F3 /* PXGStrategySelectionViewController.h */ = {isa = PBXFileReference; fileEncoding = 4; lastKnownFileType = sourcecode.c.h; path = PXGStrategySelectionViewController.h; sourceTree = "<group>"; };
		94AC01EC17A2E863005A47F3 /* PXGStrategySelectionViewController.m */ = {isa = PBXFileReference; fileEncoding = 4; lastKnownFileType = sourcecode.c.objc; path = PXGStrategySelectionViewController.m; sourceTree = "<group>"; };
		94AC01EE17A4060B005A47F3 /* PXGTeleportViewController.h */ = {isa = PBXFileReference; fileEncoding = 4; lastKnownFileType = sourcecode.c.h; path = PXGTeleportViewController.h; sourceTree = "<group>"; };
		94AC01EF17A4060C005A47F3 /* PXGTeleportViewController.m */ = {isa = PBXFileReference; fileEncoding = 4; lastKnownFileType = sourcecode.c.objc; path = PXGTeleportViewController.m; sourceTree = "<group>"; };
		94AC01F117A40CBA005A47F3 /* PXGTools.h */ = {isa = PBXFileReference; lastKnownFileType = sourcecode.c.h; path = PXGTools.h; sourceTree = "<group>"; };
		94AC01F217A41139005A47F3 /* PXGTools.c */ = {isa = PBXFileReference; explicitFileType = sourcecode.c.objc.preprocessed; fileEncoding = 4; path = PXGTools.c; sourceTree = "<group>"; };
		94AC01F417A41D54005A47F3 /* PXGCreatePointViewController.h */ = {isa = PBXFileReference; fileEncoding = 4; lastKnownFileType = sourcecode.c.h; path = PXGCreatePointViewController.h; sourceTree = "<group>"; };
		94AC01F517A41D55005A47F3 /* PXGCreatePointViewController.m */ = {isa = PBXFileReference; fileEncoding = 4; lastKnownFileType = sourcecode.c.objc; path = PXGCreatePointViewController.m; sourceTree = "<group>"; };
		94AD9FA718A6A172007B48D1 /* PXGSensorsViewController.h */ = {isa = PBXFileReference; fileEncoding = 4; lastKnownFileType = sourcecode.c.h; path = PXGSensorsViewController.h; sourceTree = "<group>"; };
		94AD9FA818A6A172007B48D1 /* PXGSensorsViewController.m */ = {isa = PBXFileReference; fileEncoding = 4; lastKnownFileType = sourcecode.c.objc; path = PXGSensorsViewController.m; sourceTree = "<group>"; };
		94D5E8CE19278F34003EC1BB /* PXGActionsTableViewController.h */ = {isa = PBXFileReference; fileEncoding = 4; lastKnownFileType = sourcecode.c.h; path = PXGActionsTableViewController.h; sourceTree = "<group>"; };
		94D5E8CF19278F34003EC1BB /* PXGActionsTableViewController.m */ = {isa = PBXFileReference; fileEncoding = 4; lastKnownFileType = sourcecode.c.objc; path = PXGActionsTableViewController.m; sourceTree = "<group>"; };
		94DEC88C179BD066003D8A15 /* PXGStringListViewController.h */ = {isa = PBXFileReference; fileEncoding = 4; lastKnownFileType = sourcecode.c.h; path = PXGStringListViewController.h; sourceTree = "<group>"; };
		94DEC88D179BD066003D8A15 /* PXGStringListViewController.m */ = {isa = PBXFileReference; fileEncoding = 4; lastKnownFileType = sourcecode.c.objc; path = PXGStringListViewController.m; sourceTree = "<group>"; };
		94F30F0317A6CF9700E1805D /* PXGTrajectoriesViewController.h */ = {isa = PBXFileReference; fileEncoding = 4; lastKnownFileType = sourcecode.c.h; path = PXGTrajectoriesViewController.h; sourceTree = "<group>"; };
		94F30F0417A6CF9700E1805D /* PXGTrajectoriesViewController.m */ = {isa = PBXFileReference; fileEncoding = 4; lastKnownFileType = sourcecode.c.objc; path = PXGTrajectoriesViewController.m; sourceTree = "<group>"; };
		94F30F0617AACAA900E1805D /* PXGTrajectoryEditionViewController.h */ = {isa = PBXFileReference; fileEncoding = 4; lastKnownFileType = sourcecode.c.h; path = PXGTrajectoryEditionViewController.h; sourceTree = "<group>"; };
		94F30F0717AACAA900E1805D /* PXGTrajectoryEditionViewController.m */ = {isa = PBXFileReference; fileEncoding = 4; lastKnownFileType = sourcecode.c.objc; path = PXGTrajectoryEditionViewController.m; sourceTree = "<group>"; };
		94F533561854CC4200FD5F53 /* PXGAskNameViewController.h */ = {isa = PBXFileReference; fileEncoding = 4; lastKnownFileType = sourcecode.c.h; path = PXGAskNameViewController.h; sourceTree = "<group>"; };
		94F533571854CC4200FD5F53 /* PXGAskNameViewController.m */ = {isa = PBXFileReference; fileEncoding = 4; lastKnownFileType = sourcecode.c.objc; path = PXGAskNameViewController.m; sourceTree = "<group>"; };
		94F5335918565ADE00FD5F53 /* PXGPositionActionsViewController.h */ = {isa = PBXFileReference; fileEncoding = 4; lastKnownFileType = sourcecode.c.h; path = PXGPositionActionsViewController.h; sourceTree = "<group>"; };
		94F5335A18565ADE00FD5F53 /* PXGPositionActionsViewController.m */ = {isa = PBXFileReference; fileEncoding = 4; lastKnownFileType = sourcecode.c.objc; path = PXGPositionActionsViewController.m; sourceTree = "<group>"; };
		94F5335C18565DC000FD5F53 /* PXGMovementSinglePositionViewController.h */ = {isa = PBXFileReference; fileEncoding = 4; lastKnownFileType = sourcecode.c.h; path = PXGMovementSinglePositionViewController.h; sourceTree = "<group>"; };
		94F5335D18565DC000FD5F53 /* PXGMovementSinglePositionViewController.m */ = {isa = PBXFileReference; fileEncoding = 4; lastKnownFileType = sourcecode.c.objc; path = PXGMovementSinglePositionViewController.m; sourceTree = "<group>"; };
		94FFA09318016171009AA63C /* AX-12.png */ = {isa = PBXFileReference; lastKnownFileType = image.png; path = "AX-12.png"; sourceTree = "<group>"; };
		94FFA09518018BD0009AA63C /* PXGAX12ListTableViewController.h */ = {isa = PBXFileReference; fileEncoding = 4; lastKnownFileType = sourcecode.c.h; path = PXGAX12ListTableViewController.h; sourceTree = "<group>"; };
		94FFA09618018BD0009AA63C /* PXGAX12ListTableViewController.m */ = {isa = PBXFileReference; fileEncoding = 4; lastKnownFileType = sourcecode.c.objc; path = PXGAX12ListTableViewController.m; sourceTree = "<group>"; };
		94FFA098180191EF009AA63C /* PXGAddAX12ViewController.h */ = {isa = PBXFileReference; fileEncoding = 4; lastKnownFileType = sourcecode.c.h; path = PXGAddAX12ViewController.h; sourceTree = "<group>"; };
		94FFA099180191EF009AA63C /* PXGAddAX12ViewController.m */ = {isa = PBXFileReference; fileEncoding = 4; lastKnownFileType = sourcecode.c.objc; path = PXGAddAX12ViewController.m; sourceTree = "<group>"; };
/* End PBXFileReference section */

/* Begin PBXFrameworksBuildPhase section */
		9425D37A1791565000C6E883 /* Frameworks */ = {
			isa = PBXFrameworksBuildPhase;
			buildActionMask = 2147483647;
			files = (
				942BBE6517BBE1A100EFF044 /* QuartzCore.framework in Frameworks */,
				9425D3811791565000C6E883 /* UIKit.framework in Frameworks */,
				9425D3831791565000C6E883 /* Foundation.framework in Frameworks */,
				9425D3851791565000C6E883 /* CoreGraphics.framework in Frameworks */,
				9433FE3F1795BD0A0092A43B /* Security.framework in Frameworks */,
				9433FE411795BD720092A43B /* CFNetwork.framework in Frameworks */,
				944B4FB1188C1C3E009B9E0B /* libCorePlot-CocoaTouch.a in Frameworks */,
			);
			runOnlyForDeploymentPostprocessing = 0;
		};
/* End PBXFrameworksBuildPhase section */

/* Begin PBXGroup section */
		9425C7D618B10F7400D40AE9 /* Tool View Controllers */ = {
			isa = PBXGroup;
			children = (
				9425C7D318B10DCC00D40AE9 /* PXGListChoiceViewController.h */,
				9425C7D418B10DCC00D40AE9 /* PXGListChoiceViewController.m */,
				94DEC88C179BD066003D8A15 /* PXGStringListViewController.h */,
				94DEC88D179BD066003D8A15 /* PXGStringListViewController.m */,
			);
			name = "Tool View Controllers";
			sourceTree = "<group>";
		};
		9425D3741791565000C6E883 = {
			isa = PBXGroup;
			children = (
				9425D3B21791585200C6E883 /* NClientIcon_retina.png */,
				9425D3B01791580200C6E883 /* NClientIcon.png */,
				9425D3861791565000C6E883 /* Neobot iOS Client */,
				9425D37F1791565000C6E883 /* Frameworks */,
				9425D37E1791565000C6E883 /* Products */,
			);
			sourceTree = "<group>";
		};
		9425D37E1791565000C6E883 /* Products */ = {
			isa = PBXGroup;
			children = (
				9425D37D1791565000C6E883 /* Neobot Client.app */,
			);
			name = Products;
			sourceTree = "<group>";
		};
		9425D37F1791565000C6E883 /* Frameworks */ = {
			isa = PBXGroup;
			children = (
				944B4FB0188C1C3E009B9E0B /* libCorePlot-CocoaTouch.a */,
				942BBE6417BBE1A100EFF044 /* QuartzCore.framework */,
				9433FE3E1795BD0A0092A43B /* Security.framework */,
				9433FE401795BD720092A43B /* CFNetwork.framework */,
				9425D3821791565000C6E883 /* Foundation.framework */,
				9425D3801791565000C6E883 /* UIKit.framework */,
				9425D3841791565000C6E883 /* CoreGraphics.framework */,
			);
			name = Frameworks;
			sourceTree = "<group>";
		};
		9425D3861791565000C6E883 /* Neobot iOS Client */ = {
			isa = PBXGroup;
			children = (
				944B4F61188C1C2E009B9E0B /* CorePlotHeaders */,
				94835D4717999D8F0024A789 /* Comm */,
				94835D57179ABDAE0024A789 /* View Controllers */,
				942BBE6317B94B1600EFF044 /* General */,
				9425D38F1791565000C6E883 /* PXGAppDelegate.h */,
				9425D3901791565000C6E883 /* PXGAppDelegate.m */,
				9425D3981791565000C6E883 /* MainStoryboard.storyboard */,
				9425D3871791565000C6E883 /* Supporting Files */,
			);
			path = "Neobot iOS Client";
			sourceTree = "<group>";
		};
		9425D3871791565000C6E883 /* Supporting Files */ = {
			isa = PBXGroup;
			children = (
				9433FE2F1792AED10092A43B /* Tab Images */,
				9403430B19D9883300937BDB /* Table.png */,
				942049AE17B7D47100B9E5AC /* Neobot.png */,
				9488274817D8FB400055C206 /* NeobotSelected.png */,
				9488274617D3AEB40055C206 /* target.png */,
				94FFA09318016171009AA63C /* AX-12.png */,
				9425D3881791565000C6E883 /* Neobot Client-Info.plist */,
				9425D3891791565000C6E883 /* InfoPlist.strings */,
				9425D38C1791565000C6E883 /* main.m */,
				9425D38E1791565000C6E883 /* Neobot Client-Prefix.pch */,
				9425D3921791565000C6E883 /* Default.png */,
				9425D3941791565000C6E883 /* Default@2x.png */,
				9425D3961791565000C6E883 /* Default-568h@2x.png */,
			);
			name = "Supporting Files";
			sourceTree = "<group>";
		};
		9428504617F84F3500230DD2 /* Connection */ = {
			isa = PBXGroup;
			children = (
				94835D51179ABB860024A789 /* PXGCommViewController.h */,
				94835D52179ABB860024A789 /* PXGCommViewController.m */,
			);
			name = Connection;
			sourceTree = "<group>";
		};
		9428504717F84F4B00230DD2 /* Log */ = {
			isa = PBXGroup;
			children = (
				94835D5A179AC9F70024A789 /* PXGLogViewController.h */,
				94835D5B179AC9F70024A789 /* PXGLogViewController.m */,
			);
			name = Log;
			sourceTree = "<group>";
		};
		9428504817F84F5500230DD2 /* Options */ = {
			isa = PBXGroup;
			children = (
				943AD3431935179E0006CCDC /* PXGDeplacementTypeTableViewController.h */,
				943AD3441935179E0006CCDC /* PXGDeplacementTypeTableViewController.m */,
				94A423A717DCC14000D2E36B /* PXGOptionsViewController.h */,
				94A423A817DCC14100D2E36B /* PXGOptionsViewController.m */,
			);
			name = Options;
			sourceTree = "<group>";
		};
		9428504917F84F6300230DD2 /* Remote Control */ = {
			isa = PBXGroup;
			children = (
				9425D39B1791565000C6E883 /* PXGRemoteViewController.h */,
				9425D39C1791565000C6E883 /* PXGRemoteViewController.m */,
				94AC01EB17A2E863005A47F3 /* PXGStrategySelectionViewController.h */,
				94AC01EC17A2E863005A47F3 /* PXGStrategySelectionViewController.m */,
				94AC01EE17A4060B005A47F3 /* PXGTeleportViewController.h */,
				94AC01EF17A4060C005A47F3 /* PXGTeleportViewController.m */,
				94AC01F417A41D54005A47F3 /* PXGCreatePointViewController.h */,
				94AC01F517A41D55005A47F3 /* PXGCreatePointViewController.m */,
				94F30F0317A6CF9700E1805D /* PXGTrajectoriesViewController.h */,
				94F30F0417A6CF9700E1805D /* PXGTrajectoriesViewController.m */,
				94F30F0617AACAA900E1805D /* PXGTrajectoryEditionViewController.h */,
				94F30F0717AACAA900E1805D /* PXGTrajectoryEditionViewController.m */,
				94D5E8CE19278F34003EC1BB /* PXGActionsTableViewController.h */,
				94D5E8CF19278F34003EC1BB /* PXGActionsTableViewController.m */,
				942BBE6217B94AF000EFF044 /* Map */,
			);
			name = "Remote Control";
			sourceTree = "<group>";
		};
		9428504A17F84F8900230DD2 /* AX-12 */ = {
			isa = PBXGroup;
			children = (
				9448C5751831038D0064C7F5 /* PXGAX12SplitViewController.h */,
				9448C5761831038D0064C7F5 /* PXGAX12SplitViewController.m */,
				94FFA09518018BD0009AA63C /* PXGAX12ListTableViewController.h */,
				94FFA09618018BD0009AA63C /* PXGAX12ListTableViewController.m */,
				94FFA098180191EF009AA63C /* PXGAddAX12ViewController.h */,
				94FFA099180191EF009AA63C /* PXGAddAX12ViewController.m */,
				9448C57B183114AA0064C7F5 /* Movements */,
				9448C57C183114FC0064C7F5 /* AX-12 Control */,
			);
			name = "AX-12";
			sourceTree = "<group>";
		};
		942BBE6217B94AF000EFF044 /* Map */ = {
			isa = PBXGroup;
			children = (
				942BBE5F17B9473200EFF044 /* PXGMapObject.h */,
				942BBE6017B9473200EFF044 /* PXGMapObject.m */,
				942049AB17B7C5EF00B9E5AC /* PXGMapViewController.h */,
				942049AC17B7C5F000B9E5AC /* PXGMapViewController.m */,
			);
			name = Map;
			sourceTree = "<group>";
		};
		942BBE6317B94B1600EFF044 /* General */ = {
			isa = PBXGroup;
			children = (
				9405E88917A04A9300B718B3 /* PXGParametersKeys.h */,
				94AC01F117A40CBA005A47F3 /* PXGTools.h */,
				94AC01F217A41139005A47F3 /* PXGTools.c */,
				942BBE5C17B9461C00EFF044 /* PXGRPoint.h */,
				942BBE5D17B9461C00EFF044 /* PXGRPoint.m */,
			);
			name = General;
			sourceTree = "<group>";
		};
		9433FE2F1792AED10092A43B /* Tab Images */ = {
			isa = PBXGroup;
			children = (
				94A423A517DCB8F700D2E36B /* Tools.png */,
				946FF87418AFECCF00A4B112 /* Auto.png */,
				9425D3B417915AEF00C6E883 /* Android.png */,
				9425D3B517915AEF00C6E883 /* File Transfer - Upload.png */,
				9425D3B617915AEF00C6E883 /* Games.png */,
				9425D3B717915AEF00C6E883 /* Library.png */,
				9425D3B817915AEF00C6E883 /* Network.png */,
				9425D3B917915AEF00C6E883 /* sensor.png */,
				9425D3BA17915AEF00C6E883 /* Task Manager.png */,
				9425D3BB17915AEF00C6E883 /* Toolbar - Playlist.png */,
			);
			name = "Tab Images";
			sourceTree = "<group>";
		};
		9440BF5918B2881D006A4A91 /* Parameters */ = {
			isa = PBXGroup;
			children = (
				9440BF5618B28819006A4A91 /* PXGParametersViewController.h */,
				9440BF5718B28819006A4A91 /* PXGParametersViewController.m */,
			);
			name = Parameters;
			sourceTree = "<group>";
		};
		9448C57B183114AA0064C7F5 /* Movements */ = {
			isa = PBXGroup;
			children = (
				9440516B1826991C00E3671B /* PXGAX12MovementManager.h */,
				9440516C1826991C00E3671B /* PXGAX12MovementManager.m */,
				9448C578183113E50064C7F5 /* PXGMovementsViewController.h */,
				9448C579183113E50064C7F5 /* PXGMovementsViewController.m */,
				9448C5801831190D0064C7F5 /* PXGGroupTableViewController.h */,
				9448C5811831190D0064C7F5 /* PXGGroupTableViewController.m */,
				9448C5861831606A0064C7F5 /* PXGGroupContentViewController.h */,
				9448C5871831606A0064C7F5 /* PXGGroupContentViewController.m */,
				9448C58918316D3A0064C7F5 /* PXGMovementContentTableViewController.h */,
				9448C58A18316D3A0064C7F5 /* PXGMovementContentTableViewController.m */,
				94F5335C18565DC000FD5F53 /* PXGMovementSinglePositionViewController.h */,
				94F5335D18565DC000FD5F53 /* PXGMovementSinglePositionViewController.m */,
				94F533561854CC4200FD5F53 /* PXGAskNameViewController.h */,
				94F533571854CC4200FD5F53 /* PXGAskNameViewController.m */,
				94F5335918565ADE00FD5F53 /* PXGPositionActionsViewController.h */,
				94F5335A18565ADE00FD5F53 /* PXGPositionActionsViewController.m */,
			);
			name = Movements;
			sourceTree = "<group>";
		};
		9448C57C183114FC0064C7F5 /* AX-12 Control */ = {
			isa = PBXGroup;
			children = (
				9428505417F9E78A00230DD2 /* PXGAX12Data.h */,
				9428505517F9E78A00230DD2 /* PXGAX12Data.m */,
				94344DF517F701FB006ABBCD /* PXGAX12ViewController.h */,
				94344DF617F701FB006ABBCD /* PXGAX12ViewController.m */,
				9428504E17F8599600230DD2 /* PXGAX12CollectionViewController.h */,
				9428504F17F8599600230DD2 /* PXGAX12CollectionViewController.m */,
				9428505117F9E5D600230DD2 /* PXGAX12CollectionCell.h */,
				9428505217F9E5D600230DD2 /* PXGAX12CollectionCell.m */,
				94344DF217F6F889006ABBCD /* PXGStickControlView.h */,
				94344DF317F6F889006ABBCD /* PXGStickControlView.m */,
				943DF58B180332D800630316 /* PXGSelectAngleViewController.h */,
				943DF58C180332D800630316 /* PXGSelectAngleViewController.m */,
			);
			name = "AX-12 Control";
			sourceTree = "<group>";
		};
		944B4F61188C1C2E009B9E0B /* CorePlotHeaders */ = {
			isa = PBXGroup;
			children = (
				944B4F62188C1C2E009B9E0B /* CorePlot-CocoaTouch.h */,
				944B4F63188C1C2E009B9E0B /* CPTAnimation.h */,
				944B4F64188C1C2E009B9E0B /* CPTAnimationOperation.h */,
				944B4F65188C1C2E009B9E0B /* CPTAnimationPeriod.h */,
				944B4F66188C1C2E009B9E0B /* CPTAnnotation.h */,
				944B4F67188C1C2E009B9E0B /* CPTAnnotationHostLayer.h */,
				944B4F68188C1C2E009B9E0B /* CPTAxis.h */,
				944B4F69188C1C2E009B9E0B /* CPTAxisLabel.h */,
				944B4F6A188C1C2E009B9E0B /* CPTAxisLabelGroup.h */,
				944B4F6B188C1C2E009B9E0B /* CPTAxisSet.h */,
				944B4F6C188C1C2E009B9E0B /* CPTAxisTitle.h */,
				944B4F6D188C1C2E009B9E0B /* CPTBarPlot.h */,
				944B4F6E188C1C2E009B9E0B /* CPTBorderedLayer.h */,
				944B4F6F188C1C2E009B9E0B /* CPTCalendarFormatter.h */,
				944B4F70188C1C2E009B9E0B /* CPTColor.h */,
				944B4F71188C1C2E009B9E0B /* CPTColorSpace.h */,
				944B4F72188C1C2E009B9E0B /* CPTConstraints.h */,
				944B4F73188C1C2E009B9E0B /* CPTDataSourceTestCase.h */,
				944B4F74188C1C2E009B9E0B /* CPTDefinitions.h */,
				944B4F75188C1C2E009B9E0B /* CPTDerivedXYGraph.h */,
				944B4F76188C1C2E009B9E0B /* CPTExceptions.h */,
				944B4F77188C1C2E009B9E0B /* CPTFill.h */,
				944B4F78188C1C2E009B9E0B /* CPTFunctionDataSource.h */,
				944B4F79188C1C2E009B9E0B /* CPTGradient.h */,
				944B4F7A188C1C2E009B9E0B /* CPTGraph.h */,
				944B4F7B188C1C2E009B9E0B /* CPTGraphHostingView.h */,
				944B4F7C188C1C2E009B9E0B /* CPTGridLineGroup.h */,
				944B4F7D188C1C2E009B9E0B /* CPTGridLines.h */,
				944B4F7E188C1C2E009B9E0B /* CPTImage.h */,
				944B4F7F188C1C2E009B9E0B /* CPTLayer.h */,
				944B4F80188C1C2E009B9E0B /* CPTLayerAnnotation.h */,
				944B4F81188C1C2E009B9E0B /* CPTLegend.h */,
				944B4F82188C1C2E009B9E0B /* CPTLegendEntry.h */,
				944B4F83188C1C2E009B9E0B /* CPTLimitBand.h */,
				944B4F84188C1C2E009B9E0B /* CPTLineCap.h */,
				944B4F85188C1C2E009B9E0B /* CPTLineStyle.h */,
				944B4F86188C1C2E009B9E0B /* CPTMutableLineStyle.h */,
				944B4F87188C1C2E009B9E0B /* CPTMutableNumericData+TypeConversion.h */,
				944B4F88188C1C2E009B9E0B /* CPTMutableNumericData.h */,
				944B4F89188C1C2E009B9E0B /* CPTMutablePlotRange.h */,
				944B4F8A188C1C2E009B9E0B /* CPTMutableShadow.h */,
				944B4F8B188C1C2E009B9E0B /* CPTMutableTextStyle.h */,
				944B4F8C188C1C2E009B9E0B /* CPTNumericData+TypeConversion.h */,
				944B4F8D188C1C2E009B9E0B /* CPTNumericData.h */,
				944B4F8E188C1C2E009B9E0B /* CPTNumericDataType.h */,
				944B4F8F188C1C2E009B9E0B /* CPTPathExtensions.h */,
				944B4F90188C1C2E009B9E0B /* CPTPieChart.h */,
				944B4F91188C1C2E009B9E0B /* CPTPlatformSpecificCategories.h */,
				944B4F92188C1C2E009B9E0B /* CPTPlatformSpecificDefines.h */,
				944B4F93188C1C2E009B9E0B /* CPTPlatformSpecificFunctions.h */,
				944B4F94188C1C2E009B9E0B /* CPTPlot.h */,
				944B4F95188C1C2E009B9E0B /* CPTPlotArea.h */,
				944B4F96188C1C2E009B9E0B /* CPTPlotAreaFrame.h */,
				944B4F97188C1C2E009B9E0B /* CPTPlotGroup.h */,
				944B4F98188C1C2E009B9E0B /* CPTPlotRange.h */,
				944B4F99188C1C2E009B9E0B /* CPTPlotSpace.h */,
				944B4F9A188C1C2E009B9E0B /* CPTPlotSpaceAnnotation.h */,
				944B4F9B188C1C2E009B9E0B /* CPTPlotSymbol.h */,
				944B4F9C188C1C2E009B9E0B /* CPTRangePlot.h */,
				944B4F9D188C1C2E009B9E0B /* CPTResponder.h */,
				944B4F9E188C1C2E009B9E0B /* CPTScatterPlot.h */,
				944B4F9F188C1C2E009B9E0B /* CPTShadow.h */,
				944B4FA0188C1C2E009B9E0B /* CPTTestCase.h */,
				944B4FA1188C1C2E009B9E0B /* CPTTextLayer.h */,
				944B4FA2188C1C2E009B9E0B /* CPTTextStyle.h */,
				944B4FA3188C1C2E009B9E0B /* CPTTextStylePlatformSpecific.h */,
				944B4FA4188C1C2E009B9E0B /* CPTTheme.h */,
				944B4FA5188C1C2E009B9E0B /* CPTTimeFormatter.h */,
				944B4FA6188C1C2E009B9E0B /* CPTTradingRangePlot.h */,
				944B4FA7188C1C2E009B9E0B /* CPTUtilities.h */,
				944B4FA8188C1C2E009B9E0B /* CPTXYAxis.h */,
				944B4FA9188C1C2E009B9E0B /* CPTXYAxisSet.h */,
				944B4FAA188C1C2E009B9E0B /* CPTXYGraph.h */,
				944B4FAB188C1C2E009B9E0B /* CPTXYPlotSpace.h */,
				944B4FAC188C1C2E009B9E0B /* mainpage.h */,
				944B4FAD188C1C2E009B9E0B /* NSCoderExtensions.h */,
				944B4FAE188C1C2E009B9E0B /* NSDecimalNumberExtensions.h */,
				944B4FAF188C1C2E009B9E0B /* NSNumberExtensions.h */,
			);
			name = CorePlotHeaders;
			path = ../CorePlotHeaders;
			sourceTree = "<group>";
		};
		944B4FB7188C23F3009B9E0B /* Odometry / sensors */ = {
			isa = PBXGroup;
			children = (
				944B4FB4188C23EC009B9E0B /* PXGOdometryViewController.h */,
				944B4FB5188C23EC009B9E0B /* PXGOdometryViewController.m */,
				94431895188DB846005221B4 /* PXGSimpleScatterPlotViewController.h */,
				94431896188DB846005221B4 /* PXGSimpleScatterPlotViewController.m */,
				94AD9FA718A6A172007B48D1 /* PXGSensorsViewController.h */,
				94AD9FA818A6A172007B48D1 /* PXGSensorsViewController.m */,
				9402B26719128295001B732A /* PXGColorCollectionViewController.h */,
				9402B26819128295001B732A /* PXGColorCollectionViewController.m */,
			);
			name = "Odometry / sensors";
			sourceTree = "<group>";
		};
		946FF87318AFE92B00A4B112 /* AutoStart */ = {
			isa = PBXGroup;
			children = (
				946FF87018AFE8EA00A4B112 /* PXGAutoStartTableViewController.h */,
				946FF87118AFE8EA00A4B112 /* PXGAutoStartTableViewController.m */,
				941BCC9E192FAA6300C68CB1 /* PXGSelectDelayViewController.h */,
				941BCC9F192FAA6300C68CB1 /* PXGSelectDelayViewController.m */,
			);
			name = AutoStart;
			sourceTree = "<group>";
		};
		94835D4717999D8F0024A789 /* Comm */ = {
			isa = PBXGroup;
			children = (
				94E5C5DB1791FE5100333FD5 /* TCP */,
				94835D43179849BE0024A789 /* PXGCommInterface.h */,
				94835D44179849BE0024A789 /* PXGCommInterface.m */,
				94835D461798593D0024A789 /* PXGInstructions.h */,
				9433FE351795B0E70092A43B /* PXGCommProtocol.h */,
				9433FE361795B0E70092A43B /* PXGCommProtocol.m */,
				94835D401795D5B90024A789 /* PXGDataSerializer.h */,
				94835D411795D5B90024A789 /* PXGDataSerializer.m */,
			);
			name = Comm;
			sourceTree = "<group>";
		};
		94835D57179ABDAE0024A789 /* View Controllers */ = {
			isa = PBXGroup;
			children = (
				94835D54179ABDA20024A789 /* PXGMainToolBarViewController.h */,
				94835D55179ABDA30024A789 /* PXGMainToolBarViewController.m */,
				9425C7D618B10F7400D40AE9 /* Tool View Controllers */,
				9428504617F84F3500230DD2 /* Connection */,
				9428504717F84F4B00230DD2 /* Log */,
				9428504817F84F5500230DD2 /* Options */,
				9428504917F84F6300230DD2 /* Remote Control */,
				9428504A17F84F8900230DD2 /* AX-12 */,
				944B4FB7188C23F3009B9E0B /* Odometry / sensors */,
				946FF87318AFE92B00A4B112 /* AutoStart */,
				9440BF5918B2881D006A4A91 /* Parameters */,
			);
			name = "View Controllers";
			sourceTree = "<group>";
		};
		94E5C5DB1791FE5100333FD5 /* TCP */ = {
			isa = PBXGroup;
			children = (
				9433FE391795BB4F0092A43B /* GCDAsyncSocket.h */,
				9433FE3A1795BB4F0092A43B /* GCDAsyncSocket.m */,
			);
			name = TCP;
			sourceTree = "<group>";
		};
/* End PBXGroup section */

/* Begin PBXNativeTarget section */
		9425D37C1791565000C6E883 /* Neobot Client */ = {
			isa = PBXNativeTarget;
			buildConfigurationList = 9425D3AB1791565000C6E883 /* Build configuration list for PBXNativeTarget "Neobot Client" */;
			buildPhases = (
				9425D3791791565000C6E883 /* Sources */,
				9425D37A1791565000C6E883 /* Frameworks */,
				9425D37B1791565000C6E883 /* Resources */,
			);
			buildRules = (
			);
			dependencies = (
			);
			name = "Neobot Client";
			productName = "Neobot iOS Client";
			productReference = 9425D37D1791565000C6E883 /* Neobot Client.app */;
			productType = "com.apple.product-type.application";
		};
/* End PBXNativeTarget section */

/* Begin PBXProject section */
		9425D3751791565000C6E883 /* Project object */ = {
			isa = PBXProject;
			attributes = {
				CLASSPREFIX = PXG;
				LastUpgradeCheck = 0600;
				ORGANIZATIONNAME = Pixelgames;
			};
			buildConfigurationList = 9425D3781791565000C6E883 /* Build configuration list for PBXProject "Neobot Client" */;
			compatibilityVersion = "Xcode 3.2";
			developmentRegion = English;
			hasScannedForEncodings = 0;
			knownRegions = (
				en,
			);
			mainGroup = 9425D3741791565000C6E883;
			productRefGroup = 9425D37E1791565000C6E883 /* Products */;
			projectDirPath = "";
			projectRoot = "";
			targets = (
				9425D37C1791565000C6E883 /* Neobot Client */,
			);
		};
/* End PBXProject section */

/* Begin PBXResourcesBuildPhase section */
		9425D37B1791565000C6E883 /* Resources */ = {
			isa = PBXResourcesBuildPhase;
			buildActionMask = 2147483647;
			files = (
				94FFA09418016171009AA63C /* AX-12.png in Resources */,
				9425D38B1791565000C6E883 /* InfoPlist.strings in Resources */,
				9403430C19D9883300937BDB /* Table.png in Resources */,
				9425D3931791565000C6E883 /* Default.png in Resources */,
				9425D3951791565000C6E883 /* Default@2x.png in Resources */,
				9425D3971791565000C6E883 /* Default-568h@2x.png in Resources */,
				9425D39A1791565000C6E883 /* MainStoryboard.storyboard in Resources */,
				946FF87518AFECCF00A4B112 /* Auto.png in Resources */,
				9425D3B11791580200C6E883 /* NClientIcon.png in Resources */,
				9425D3B31791585200C6E883 /* NClientIcon_retina.png in Resources */,
				9425D3BC17915AEF00C6E883 /* Android.png in Resources */,
				9425D3BD17915AEF00C6E883 /* File Transfer - Upload.png in Resources */,
				9425D3BE17915AEF00C6E883 /* Games.png in Resources */,
				9425D3BF17915AEF00C6E883 /* Library.png in Resources */,
				9425D3C017915AEF00C6E883 /* Network.png in Resources */,
				9425D3C117915AEF00C6E883 /* sensor.png in Resources */,
				9425D3C217915AEF00C6E883 /* Task Manager.png in Resources */,
				9425D3C317915AEF00C6E883 /* Toolbar - Playlist.png in Resources */,
				942049AF17B7D47100B9E5AC /* Neobot.png in Resources */,
				9488274717D3AEB40055C206 /* target.png in Resources */,
				9488274917D8FB400055C206 /* NeobotSelected.png in Resources */,
				94A423A617DCB8F700D2E36B /* Tools.png in Resources */,
			);
			runOnlyForDeploymentPostprocessing = 0;
		};
/* End PBXResourcesBuildPhase section */

/* Begin PBXSourcesBuildPhase section */
		9425D3791791565000C6E883 /* Sources */ = {
			isa = PBXSourcesBuildPhase;
			buildActionMask = 2147483647;
			files = (
				94F5335E18565DC000FD5F53 /* PXGMovementSinglePositionViewController.m in Sources */,
				941BCCA0192FAA6300C68CB1 /* PXGSelectDelayViewController.m in Sources */,
				9448C58B18316D3A0064C7F5 /* PXGMovementContentTableViewController.m in Sources */,
				9425D38D1791565000C6E883 /* main.m in Sources */,
				9448C5771831038D0064C7F5 /* PXGAX12SplitViewController.m in Sources */,
				94431897188DB846005221B4 /* PXGSimpleScatterPlotViewController.m in Sources */,
				9425D3911791565000C6E883 /* PXGAppDelegate.m in Sources */,
				9448C57A183113E50064C7F5 /* PXGMovementsViewController.m in Sources */,
				94AD9FA918A6A172007B48D1 /* PXGSensorsViewController.m in Sources */,
				94F5335B18565ADE00FD5F53 /* PXGPositionActionsViewController.m in Sources */,
				9425D39D1791565000C6E883 /* PXGRemoteViewController.m in Sources */,
				9433FE371795B0E70092A43B /* PXGCommProtocol.m in Sources */,
				9433FE3B1795BB4F0092A43B /* GCDAsyncSocket.m in Sources */,
				9428505617F9E78A00230DD2 /* PXGAX12Data.m in Sources */,
				946FF87218AFE8EA00A4B112 /* PXGAutoStartTableViewController.m in Sources */,
				94835D421795D5B90024A789 /* PXGDataSerializer.m in Sources */,
				9428505017F8599600230DD2 /* PXGAX12CollectionViewController.m in Sources */,
				94835D45179849BE0024A789 /* PXGCommInterface.m in Sources */,
				9402B26919128295001B732A /* PXGColorCollectionViewController.m in Sources */,
				9425C7D518B10DCC00D40AE9 /* PXGListChoiceViewController.m in Sources */,
				94FFA09718018BD0009AA63C /* PXGAX12ListTableViewController.m in Sources */,
				94835D53179ABB860024A789 /* PXGCommViewController.m in Sources */,
				94344DF717F701FB006ABBCD /* PXGAX12ViewController.m in Sources */,
				94FFA09A180191EF009AA63C /* PXGAddAX12ViewController.m in Sources */,
				9440BF5818B28819006A4A91 /* PXGParametersViewController.m in Sources */,
				943DF58D180332D800630316 /* PXGSelectAngleViewController.m in Sources */,
				94835D56179ABDA30024A789 /* PXGMainToolBarViewController.m in Sources */,
				94835D5C179AC9F80024A789 /* PXGLogViewController.m in Sources */,
				943AD3451935179E0006CCDC /* PXGDeplacementTypeTableViewController.m in Sources */,
				9448C5881831606A0064C7F5 /* PXGGroupContentViewController.m in Sources */,
				94DEC88E179BD066003D8A15 /* PXGStringListViewController.m in Sources */,
				9428505317F9E5D600230DD2 /* PXGAX12CollectionCell.m in Sources */,
				9440516D1826991C00E3671B /* PXGAX12MovementManager.m in Sources */,
				94D5E8D019278F34003EC1BB /* PXGActionsTableViewController.m in Sources */,
				9448C5821831190D0064C7F5 /* PXGGroupTableViewController.m in Sources */,
				94AC01ED17A2E863005A47F3 /* PXGStrategySelectionViewController.m in Sources */,
				94AC01F017A4060C005A47F3 /* PXGTeleportViewController.m in Sources */,
				944B4FB6188C23EC009B9E0B /* PXGOdometryViewController.m in Sources */,
				94AC01F317A41139005A47F3 /* PXGTools.c in Sources */,
				94AC01F617A41D55005A47F3 /* PXGCreatePointViewController.m in Sources */,
				94F30F0517A6CF9700E1805D /* PXGTrajectoriesViewController.m in Sources */,
				94F30F0817AACAA900E1805D /* PXGTrajectoryEditionViewController.m in Sources */,
				942049AD17B7C5F000B9E5AC /* PXGMapViewController.m in Sources */,
				942BBE5E17B9461C00EFF044 /* PXGRPoint.m in Sources */,
				942BBE6117B9473200EFF044 /* PXGMapObject.m in Sources */,
				94A423A917DCC14100D2E36B /* PXGOptionsViewController.m in Sources */,
				94344DF417F6F889006ABBCD /* PXGStickControlView.m in Sources */,
				94F533581854CC4200FD5F53 /* PXGAskNameViewController.m in Sources */,
			);
			runOnlyForDeploymentPostprocessing = 0;
		};
/* End PBXSourcesBuildPhase section */

/* Begin PBXVariantGroup section */
		9425D3891791565000C6E883 /* InfoPlist.strings */ = {
			isa = PBXVariantGroup;
			children = (
				9425D38A1791565000C6E883 /* en */,
			);
			name = InfoPlist.strings;
			sourceTree = "<group>";
		};
		9425D3981791565000C6E883 /* MainStoryboard.storyboard */ = {
			isa = PBXVariantGroup;
			children = (
				9425D3991791565000C6E883 /* en */,
			);
			name = MainStoryboard.storyboard;
			sourceTree = "<group>";
		};
/* End PBXVariantGroup section */

/* Begin XCBuildConfiguration section */
		9425D3A91791565000C6E883 /* Debug */ = {
			isa = XCBuildConfiguration;
			buildSettings = {
				ALWAYS_SEARCH_USER_PATHS = NO;
				CLANG_CXX_LANGUAGE_STANDARD = "gnu++0x";
				CLANG_CXX_LIBRARY = "libc++";
				CLANG_ENABLE_OBJC_ARC = YES;
				CLANG_WARN_CONSTANT_CONVERSION = YES;
				CLANG_WARN_EMPTY_BODY = YES;
				CLANG_WARN_ENUM_CONVERSION = YES;
				CLANG_WARN_INT_CONVERSION = YES;
				CLANG_WARN__DUPLICATE_METHOD_MATCH = YES;
				"CODE_SIGN_IDENTITY[sdk=iphoneos*]" = "iPhone Developer";
				COPY_PHASE_STRIP = NO;
				GCC_C_LANGUAGE_STANDARD = gnu99;
				GCC_DYNAMIC_NO_PIC = NO;
				GCC_OPTIMIZATION_LEVEL = 0;
				GCC_PREPROCESSOR_DEFINITIONS = (
					"DEBUG=1",
					"$(inherited)",
				);
				GCC_SYMBOLS_PRIVATE_EXTERN = NO;
				GCC_WARN_ABOUT_RETURN_TYPE = YES;
				GCC_WARN_UNINITIALIZED_AUTOS = YES;
				GCC_WARN_UNUSED_VARIABLE = YES;
				IPHONEOS_DEPLOYMENT_TARGET = 6.1;
				ONLY_ACTIVE_ARCH = YES;
				SDKROOT = iphoneos;
				TARGETED_DEVICE_FAMILY = 2;
			};
			name = Debug;
		};
		9425D3AA1791565000C6E883 /* Release */ = {
			isa = XCBuildConfiguration;
			buildSettings = {
				ALWAYS_SEARCH_USER_PATHS = NO;
				CLANG_CXX_LANGUAGE_STANDARD = "gnu++0x";
				CLANG_CXX_LIBRARY = "libc++";
				CLANG_ENABLE_OBJC_ARC = YES;
				CLANG_WARN_CONSTANT_CONVERSION = YES;
				CLANG_WARN_EMPTY_BODY = YES;
				CLANG_WARN_ENUM_CONVERSION = YES;
				CLANG_WARN_INT_CONVERSION = YES;
				CLANG_WARN__DUPLICATE_METHOD_MATCH = YES;
				"CODE_SIGN_IDENTITY[sdk=iphoneos*]" = "iPhone Developer";
				COPY_PHASE_STRIP = YES;
				GCC_C_LANGUAGE_STANDARD = gnu99;
				GCC_WARN_ABOUT_RETURN_TYPE = YES;
				GCC_WARN_UNINITIALIZED_AUTOS = YES;
				GCC_WARN_UNUSED_VARIABLE = YES;
				IPHONEOS_DEPLOYMENT_TARGET = 6.1;
				OTHER_CFLAGS = "-DNS_BLOCK_ASSERTIONS=1";
				SDKROOT = iphoneos;
				TARGETED_DEVICE_FAMILY = 2;
				VALIDATE_PRODUCT = YES;
			};
			name = Release;
		};
		9425D3AC1791565000C6E883 /* Debug */ = {
			isa = XCBuildConfiguration;
			buildSettings = {
				FRAMEWORK_SEARCH_PATHS = (
					"$(inherited)",
					"$(SRCROOT)",
					"/Users/trabillard/Documents/Programmation/Project/NeoGit/iOS-Client/Neobot\\ iOS\\ Client",
				);
				GCC_PRECOMPILE_PREFIX_HEADER = YES;
				GCC_PREFIX_HEADER = "Neobot iOS Client/Neobot Client-Prefix.pch";
				INFOPLIST_FILE = "Neobot iOS Client/Neobot Client-Info.plist";
				LIBRARY_SEARCH_PATHS = (
					"$(inherited)",
					"/Users/trabillard/Documents/Programmation/Project/NeoGit/iOS-Client/Neobot\\ iOS\\ Client",
				);
				OTHER_LDFLAGS = "-ObjC";
				PRODUCT_NAME = "Neobot Client";
				VALID_ARCHS = "armv7 armv7s";
				WRAPPER_EXTENSION = app;
			};
			name = Debug;
		};
		9425D3AD1791565000C6E883 /* Release */ = {
			isa = XCBuildConfiguration;
			buildSettings = {
				FRAMEWORK_SEARCH_PATHS = (
					"$(inherited)",
					"$(SRCROOT)",
					"/Users/trabillard/Documents/Programmation/Project/NeoGit/iOS-Client/Neobot\\ iOS\\ Client",
				);
				GCC_PRECOMPILE_PREFIX_HEADER = YES;
				GCC_PREFIX_HEADER = "Neobot iOS Client/Neobot Client-Prefix.pch";
				INFOPLIST_FILE = "Neobot iOS Client/Neobot Client-Info.plist";
				LIBRARY_SEARCH_PATHS = (
					"$(inherited)",
					"/Users/trabillard/Documents/Programmation/Project/NeoGit/iOS-Client/Neobot\\ iOS\\ Client",
				);
				OTHER_LDFLAGS = "-ObjC";
				PRODUCT_NAME = "Neobot Client";
				VALID_ARCHS = "armv7 armv7s";
				WRAPPER_EXTENSION = app;
			};
			name = Release;
		};
/* End XCBuildConfiguration section */

/* Begin XCConfigurationList section */
		9425D3781791565000C6E883 /* Build configuration list for PBXProject "Neobot Client" */ = {
			isa = XCConfigurationList;
			buildConfigurations = (
				9425D3A91791565000C6E883 /* Debug */,
				9425D3AA1791565000C6E883 /* Release */,
			);
			defaultConfigurationIsVisible = 0;
			defaultConfigurationName = Release;
		};
		9425D3AB1791565000C6E883 /* Build configuration list for PBXNativeTarget "Neobot Client" */ = {
			isa = XCConfigurationList;
			buildConfigurations = (
				9425D3AC1791565000C6E883 /* Debug */,
				9425D3AD1791565000C6E883 /* Release */,
			);
			defaultConfigurationIsVisible = 0;
			defaultConfigurationName = Release;
		};
/* End XCConfigurationList section */
	};
	rootObject = 9425D3751791565000C6E883 /* Project object */;
}
